// !$*UTF8*$!
{
	archiveVersion = 1;
	classes = {
	};
	objectVersion = 55;
	objects = {

/* Begin PBXBuildFile section */
		3209974B2935153300956FBE /* DetailReviewCountCell.swift in Sources */ = {isa = PBXBuildFile; fileRef = 3209974A2935153300956FBE /* DetailReviewCountCell.swift */; };
		320BB2572951A03500D5E9CB /* StoreDetailHeaderView.swift in Sources */ = {isa = PBXBuildFile; fileRef = 320BB2562951A03500D5E9CB /* StoreDetailHeaderView.swift */; };
		32409866295F51DB00911306 /* DetailReviewTagCollectionViewCell.swift in Sources */ = {isa = PBXBuildFile; fileRef = 32409865295F51DB00911306 /* DetailReviewTagCollectionViewCell.swift */; };
		3240987029602A7400911306 /* ProductCategory.swift in Sources */ = {isa = PBXBuildFile; fileRef = 3240986F29602A7400911306 /* ProductCategory.swift */; };
		3240987229602B2300911306 /* ProductCategoriesCell.swift in Sources */ = {isa = PBXBuildFile; fileRef = 3240987129602B2300911306 /* ProductCategoriesCell.swift */; };
		3240987429602B2C00911306 /* ProductCategoryCollectionViewCell.swift in Sources */ = {isa = PBXBuildFile; fileRef = 3240987329602B2C00911306 /* ProductCategoryCollectionViewCell.swift */; };
		324098762961367300911306 /* MockRepositories.swift in Sources */ = {isa = PBXBuildFile; fileRef = 324098752961367300911306 /* MockRepositories.swift */; };
		3240987829613CC300911306 /* MockEntityData.swift in Sources */ = {isa = PBXBuildFile; fileRef = 3240987729613CC300911306 /* MockEntityData.swift */; };
		324355532956D3F70043E53B /* StoreDetailSceneCoordinator.swift in Sources */ = {isa = PBXBuildFile; fileRef = 324355522956D3F70043E53B /* StoreDetailSceneCoordinator.swift */; };
		3244A1FC292DC13A00716A2B /* AppDelegate.swift in Sources */ = {isa = PBXBuildFile; fileRef = 3244A1FB292DC13A00716A2B /* AppDelegate.swift */; };
		3244A206292DC13A00716A2B /* RefillStation.xcdatamodeld in Sources */ = {isa = PBXBuildFile; fileRef = 3244A204292DC13A00716A2B /* RefillStation.xcdatamodeld */; };
		3244A208292DC13A00716A2B /* Assets.xcassets in Resources */ = {isa = PBXBuildFile; fileRef = 3244A207292DC13A00716A2B /* Assets.xcassets */; };
		3244A20B292DC13A00716A2B /* LaunchScreen.storyboard in Resources */ = {isa = PBXBuildFile; fileRef = 3244A209292DC13A00716A2B /* LaunchScreen.storyboard */; };
		3244A216292DC13B00716A2B /* RefillStationTests.swift in Sources */ = {isa = PBXBuildFile; fileRef = 3244A215292DC13B00716A2B /* RefillStationTests.swift */; };
		3244A220292DC13B00716A2B /* RefillStationUITests.swift in Sources */ = {isa = PBXBuildFile; fileRef = 3244A21F292DC13B00716A2B /* RefillStationUITests.swift */; };
		3244A222292DC13B00716A2B /* RefillStationUITestsLaunchTests.swift in Sources */ = {isa = PBXBuildFile; fileRef = 3244A221292DC13B00716A2B /* RefillStationUITestsLaunchTests.swift */; };
		3244A233292DC48300716A2B /* .swiftlint.yml in Resources */ = {isa = PBXBuildFile; fileRef = 3244A232292DC48300716A2B /* .swiftlint.yml */; };
		3244A238292DCB1F00716A2B /* SnapKit in Frameworks */ = {isa = PBXBuildFile; productRef = 3244A237292DCB1F00716A2B /* SnapKit */; };
		3244A23B292DCB6A00716A2B /* RxCocoa in Frameworks */ = {isa = PBXBuildFile; productRef = 3244A23A292DCB6A00716A2B /* RxCocoa */; };
		3244A23D292DCB6A00716A2B /* RxRelay in Frameworks */ = {isa = PBXBuildFile; productRef = 3244A23C292DCB6A00716A2B /* RxRelay */; };
		3244A23F292DCB6A00716A2B /* RxSwift in Frameworks */ = {isa = PBXBuildFile; productRef = 3244A23E292DCB6A00716A2B /* RxSwift */; };
		324CCBE029321616001F6FDA /* DetailReviewCell.swift in Sources */ = {isa = PBXBuildFile; fileRef = 324CCBDD29321616001F6FDA /* DetailReviewCell.swift */; };
		324CCBE129321616001F6FDA /* MoveToWriteReviewCell.swift in Sources */ = {isa = PBXBuildFile; fileRef = 324CCBDE29321616001F6FDA /* MoveToWriteReviewCell.swift */; };
		324CCBE229321616001F6FDA /* VotedCountLabelCell.swift in Sources */ = {isa = PBXBuildFile; fileRef = 324CCBDF29321616001F6FDA /* VotedCountLabelCell.swift */; };
		325985DF294C50BD00D26A37 /* AppFlowCoordinator.swift in Sources */ = {isa = PBXBuildFile; fileRef = 325985DE294C50BD00D26A37 /* AppFlowCoordinator.swift */; };
		325985E1294C50D200D26A37 /* AppDIContainer.swift in Sources */ = {isa = PBXBuildFile; fileRef = 325985E0294C50D200D26A37 /* AppDIContainer.swift */; };
		325985E3294C51A700D26A37 /* HomeSceneDIContainer.swift in Sources */ = {isa = PBXBuildFile; fileRef = 325985E2294C51A700D26A37 /* HomeSceneDIContainer.swift */; };
		325985E5294C51BA00D26A37 /* OnboardingDIContainer.swift in Sources */ = {isa = PBXBuildFile; fileRef = 325985E4294C51BA00D26A37 /* OnboardingDIContainer.swift */; };
		325985E7294C525800D26A37 /* Coordinator.swift in Sources */ = {isa = PBXBuildFile; fileRef = 325985E6294C525800D26A37 /* Coordinator.swift */; };
		325985E9294C527000D26A37 /* DIContainer.swift in Sources */ = {isa = PBXBuildFile; fileRef = 325985E8294C527000D26A37 /* DIContainer.swift */; };
		325985EB294C529C00D26A37 /* OnboardingSceneCoordinatorDelegate.swift in Sources */ = {isa = PBXBuildFile; fileRef = 325985EA294C529C00D26A37 /* OnboardingSceneCoordinatorDelegate.swift */; };
		325985ED294C52ED00D26A37 /* OnboardingViewModelCoordinatorDelegate.swift in Sources */ = {isa = PBXBuildFile; fileRef = 325985EC294C52ED00D26A37 /* OnboardingViewModelCoordinatorDelegate.swift */; };
		325985EF294C535B00D26A37 /* HomeViewModelCoordinatorDelegate.swift in Sources */ = {isa = PBXBuildFile; fileRef = 325985EE294C535B00D26A37 /* HomeViewModelCoordinatorDelegate.swift */; };
		325985F1294C537D00D26A37 /* StoreReviewViewModelCoordinatorDelegate.swift in Sources */ = {isa = PBXBuildFile; fileRef = 325985F0294C537D00D26A37 /* StoreReviewViewModelCoordinatorDelegate.swift */; };
		325985F3294C53A200D26A37 /* RequestRegionViewModelCoordinatorDelegate.swift in Sources */ = {isa = PBXBuildFile; fileRef = 325985F2294C53A200D26A37 /* RequestRegionViewModelCoordinatorDelegate.swift */; };
		325985F7294C544400D26A37 /* HomeSceneCoordinator.swift in Sources */ = {isa = PBXBuildFile; fileRef = 325985F6294C544400D26A37 /* HomeSceneCoordinator.swift */; };
		325985F9294C54CB00D26A37 /* StoreDetailDIContainer.swift in Sources */ = {isa = PBXBuildFile; fileRef = 325985F8294C54CB00D26A37 /* StoreDetailDIContainer.swift */; };
		329557462951992900F5AB53 /* StoreDetailViewModel.swift in Sources */ = {isa = PBXBuildFile; fileRef = 32F2D9B22951864700131EB1 /* StoreDetailViewModel.swift */; };
		329557472951992C00F5AB53 /* StoreDetailViewController.swift in Sources */ = {isa = PBXBuildFile; fileRef = 32F2D9B02951862E00131EB1 /* StoreDetailViewController.swift */; };
		32A1FC0A293507D1009DF915 /* FirstReviewRequestCell.swift in Sources */ = {isa = PBXBuildFile; fileRef = 32A1FC09293507D1009DF915 /* FirstReviewRequestCell.swift */; };
		32C1969129552C48001D87B1 /* ProductListHeaderCell.swift in Sources */ = {isa = PBXBuildFile; fileRef = 32C1969029552C48001D87B1 /* ProductListHeaderCell.swift */; };
		32E9A555292E1947000072EE /* TagReview.swift in Sources */ = {isa = PBXBuildFile; fileRef = 32E9A554292E1947000072EE /* TagReview.swift */; };
		32E9A55D292E4F37000072EE /* VotedTagCell.swift in Sources */ = {isa = PBXBuildFile; fileRef = 32E9A55C292E4F37000072EE /* VotedTagCell.swift */; };
		32E9A561292E68CF000072EE /* DetailReview.swift in Sources */ = {isa = PBXBuildFile; fileRef = 32E9A560292E68CF000072EE /* DetailReview.swift */; };
		32ED747A2969441D007EA791 /* OperationInfoCell.swift in Sources */ = {isa = PBXBuildFile; fileRef = 32ED74792969441D007EA791 /* OperationInfoCell.swift */; };
		32ED747C29696C52007EA791 /* StoreInfoViewCell.swift in Sources */ = {isa = PBXBuildFile; fileRef = 32ED747B29696C52007EA791 /* StoreInfoViewCell.swift */; };
		32F2D9D529518F5900131EB1 /* ProductCell.swift in Sources */ = {isa = PBXBuildFile; fileRef = 32F2D9D429518F5900131EB1 /* ProductCell.swift */; };
		FC1FD6A12962C4AF00869F5F /* RegisterReviewPopUpViewController.swift in Sources */ = {isa = PBXBuildFile; fileRef = FC1FD6A02962C4AF00869F5F /* RegisterReviewPopUpViewController.swift */; };
		FC3EBDF32932872100A9C1F9 /* Product.swift in Sources */ = {isa = PBXBuildFile; fileRef = FC3EBDF22932872100A9C1F9 /* Product.swift */; };
		FC4739412936AB3300DB9BDB /* StoreCollectionViewCell.swift in Sources */ = {isa = PBXBuildFile; fileRef = FC4739402936AB3300DB9BDB /* StoreCollectionViewCell.swift */; };
		FC4739442937664F00DB9BDB /* HomeViewController.swift in Sources */ = {isa = PBXBuildFile; fileRef = FC4739432937664F00DB9BDB /* HomeViewController.swift */; };
		FC47394729376BA500DB9BDB /* HomeViewModel.swift in Sources */ = {isa = PBXBuildFile; fileRef = FC47394629376BA500DB9BDB /* HomeViewModel.swift */; };
		FC47394929376E2200DB9BDB /* Store.swift in Sources */ = {isa = PBXBuildFile; fileRef = FC47394829376E2200DB9BDB /* Store.swift */; };
		FC60D8372962C36F00C676A6 /* DefaultTagReviewViewModel.swift in Sources */ = {isa = PBXBuildFile; fileRef = FC60D8292962C36F00C676A6 /* DefaultTagReviewViewModel.swift */; };
		FC60D8382962C36F00C676A6 /* Section.swift in Sources */ = {isa = PBXBuildFile; fileRef = FC60D82A2962C36F00C676A6 /* Section.swift */; };
		FC60D8392962C36F00C676A6 /* ReviewPhotoDelegate.swift in Sources */ = {isa = PBXBuildFile; fileRef = FC60D82B2962C36F00C676A6 /* ReviewPhotoDelegate.swift */; };
		FC60D83A2962C36F00C676A6 /* StoreInfoCell.swift in Sources */ = {isa = PBXBuildFile; fileRef = FC60D82D2962C36F00C676A6 /* StoreInfoCell.swift */; };
		FC60D83B2962C36F00C676A6 /* TagReviewCell.swift in Sources */ = {isa = PBXBuildFile; fileRef = FC60D82E2962C36F00C676A6 /* TagReviewCell.swift */; };
		FC60D83C2962C36F00C676A6 /* ReviewDescriptionCell.swift in Sources */ = {isa = PBXBuildFile; fileRef = FC60D82F2962C36F00C676A6 /* ReviewDescriptionCell.swift */; };
		FC60D83D2962C36F00C676A6 /* ReviewPhotosCell.swift in Sources */ = {isa = PBXBuildFile; fileRef = FC60D8302962C36F00C676A6 /* ReviewPhotosCell.swift */; };
		FC60D83F2962C36F00C676A6 /* VoteTitleCell.swift in Sources */ = {isa = PBXBuildFile; fileRef = FC60D8322962C36F00C676A6 /* VoteTitleCell.swift */; };
		FC60D8412962C36F00C676A6 /* RegisterReviewViewController.swift in Sources */ = {isa = PBXBuildFile; fileRef = FC60D8352962C36F00C676A6 /* RegisterReviewViewController.swift */; };
		FC7D3527292EC72400335AAB /* ProductListViewModel.swift in Sources */ = {isa = PBXBuildFile; fileRef = FC7D3526292EC72400335AAB /* ProductListViewModel.swift */; };
		FC7D3529292F22B300335AAB /* StoreDetailInfoStackView.swift in Sources */ = {isa = PBXBuildFile; fileRef = FC7D3528292F22B300335AAB /* StoreDetailInfoStackView.swift */; };
		FC84FAC5293AB04800428AAA /* RegionRequestHeaderView.swift in Sources */ = {isa = PBXBuildFile; fileRef = FC84FAC4293AB04800428AAA /* RegionRequestHeaderView.swift */; };
		FC84FAC9293B640300428AAA /* RequestRegionViewController.swift in Sources */ = {isa = PBXBuildFile; fileRef = FC84FAC8293B640300428AAA /* RequestRegionViewController.swift */; };
		FC84FACC293B944900428AAA /* RequestRegionViewModel.swift in Sources */ = {isa = PBXBuildFile; fileRef = FC84FACB293B944900428AAA /* RequestRegionViewModel.swift */; };
		FCB6667D29346285004F38B0 /* Tabman in Frameworks */ = {isa = PBXBuildFile; productRef = FCB6667C29346285004F38B0 /* Tabman */; };
		FCE00A67294C5ADF00B5C05F /* CoreDataStorage.swift in Sources */ = {isa = PBXBuildFile; fileRef = FCE00A66294C5ADF00B5C05F /* CoreDataStorage.swift */; };
		FCE00A6A294C5B3400B5C05F /* TagResponseStorage.swift in Sources */ = {isa = PBXBuildFile; fileRef = FCE00A69294C5B3400B5C05F /* TagResponseStorage.swift */; };
		FCE00A6D294C5D5F00B5C05F /* CoreDataTagResponseStorage.swift in Sources */ = {isa = PBXBuildFile; fileRef = FCE00A6C294C5D5F00B5C05F /* CoreDataTagResponseStorage.swift */; };
		FCE00A71294C916600B5C05F /* FetchStoreListUseCase.swift in Sources */ = {isa = PBXBuildFile; fileRef = FCE00A70294C916600B5C05F /* FetchStoreListUseCase.swift */; };
		FCE00A73294C917200B5C05F /* SearchStoreListUseCase.swift in Sources */ = {isa = PBXBuildFile; fileRef = FCE00A72294C917200B5C05F /* SearchStoreListUseCase.swift */; };
		FCE00A75294C917B00B5C05F /* FetchProductListUseCase.swift in Sources */ = {isa = PBXBuildFile; fileRef = FCE00A74294C917B00B5C05F /* FetchProductListUseCase.swift */; };
		FCE00A77294C919100B5C05F /* RequestRegionUseCase.swift in Sources */ = {isa = PBXBuildFile; fileRef = FCE00A76294C919100B5C05F /* RequestRegionUseCase.swift */; };
		FCE00A79294C919A00B5C05F /* FetchReviewUseCase.swift in Sources */ = {isa = PBXBuildFile; fileRef = FCE00A78294C919A00B5C05F /* FetchReviewUseCase.swift */; };
		FCE00A7B294C91A200B5C05F /* RecommendStoreUseCase.swift in Sources */ = {isa = PBXBuildFile; fileRef = FCE00A7A294C91A200B5C05F /* RecommendStoreUseCase.swift */; };
		FCE00A7D294C91AD00B5C05F /* RegisterReviewUseCase.swift in Sources */ = {isa = PBXBuildFile; fileRef = FCE00A7C294C91AD00B5C05F /* RegisterReviewUseCase.swift */; };
		FCE00A7F294C91B600B5C05F /* UploadReviewImageUseCase.swift in Sources */ = {isa = PBXBuildFile; fileRef = FCE00A7E294C91B600B5C05F /* UploadReviewImageUseCase.swift */; };
		FCE00A82294C95E100B5C05F /* HomeRepository.swift in Sources */ = {isa = PBXBuildFile; fileRef = FCE00A81294C95E100B5C05F /* HomeRepository.swift */; };
		FCE00A84294C95E900B5C05F /* ProductListRepository.swift in Sources */ = {isa = PBXBuildFile; fileRef = FCE00A83294C95E900B5C05F /* ProductListRepository.swift */; };
		FCE00A86294C95F200B5C05F /* RequestRegionRepository.swift in Sources */ = {isa = PBXBuildFile; fileRef = FCE00A85294C95F200B5C05F /* RequestRegionRepository.swift */; };
		FCE00A88294C95FA00B5C05F /* StoreReviewRepository.swift in Sources */ = {isa = PBXBuildFile; fileRef = FCE00A87294C95FA00B5C05F /* StoreReviewRepository.swift */; };
		FCE00A8A294C960000B5C05F /* RegisterReviewRepository.swift in Sources */ = {isa = PBXBuildFile; fileRef = FCE00A89294C960000B5C05F /* RegisterReviewRepository.swift */; };
		FCE00A8E294C965000B5C05F /* HomeRepositoryInterface.swift in Sources */ = {isa = PBXBuildFile; fileRef = FCE00A8D294C965000B5C05F /* HomeRepositoryInterface.swift */; };
		FCE00A90294C965900B5C05F /* ProductListRepositoryInterface.swift in Sources */ = {isa = PBXBuildFile; fileRef = FCE00A8F294C965900B5C05F /* ProductListRepositoryInterface.swift */; };
		FCE00A92294C966000B5C05F /* RequestRegionRepositoryInterface.swift in Sources */ = {isa = PBXBuildFile; fileRef = FCE00A91294C966000B5C05F /* RequestRegionRepositoryInterface.swift */; };
		FCE00A94294C966700B5C05F /* StoreReviewRepositoryInterface.swift in Sources */ = {isa = PBXBuildFile; fileRef = FCE00A93294C966700B5C05F /* StoreReviewRepositoryInterface.swift */; };
		FCE00A96294C966C00B5C05F /* RegisterReviewRepositoryInterface.swift in Sources */ = {isa = PBXBuildFile; fileRef = FCE00A95294C966C00B5C05F /* RegisterReviewRepositoryInterface.swift */; };
		FCE00A982950E04300B5C05F /* Tag.swift in Sources */ = {isa = PBXBuildFile; fileRef = FCE00A972950E04300B5C05F /* Tag.swift */; };
		FCE00A9A2950E07900B5C05F /* User.swift in Sources */ = {isa = PBXBuildFile; fileRef = FCE00A992950E07900B5C05F /* User.swift */; };
		FCE00A9C2950E1C700B5C05F /* Review.swift in Sources */ = {isa = PBXBuildFile; fileRef = FCE00A9B2950E1C700B5C05F /* Review.swift */; };
		FCE00AA029517E6E00B5C05F /* NetworkService.swift in Sources */ = {isa = PBXBuildFile; fileRef = FCE00A9F29517E6E00B5C05F /* NetworkService.swift */; };
		FCE00AA329517EE900B5C05F /* Alamofire in Frameworks */ = {isa = PBXBuildFile; productRef = FCE00AA229517EE900B5C05F /* Alamofire */; };
		FCE00AA6295187B500B5C05F /* Cancellable.swift in Sources */ = {isa = PBXBuildFile; fileRef = FCE00AA5295187B500B5C05F /* Cancellable.swift */; };
		FCEE10232934C385002E629D /* Colors.xcassets in Resources */ = {isa = PBXBuildFile; fileRef = FCEE10222934C385002E629D /* Colors.xcassets */; };
		FCEE10252934C855002E629D /* images.xcassets in Resources */ = {isa = PBXBuildFile; fileRef = FCEE10242934C855002E629D /* images.xcassets */; };
		FCEE102F2934CCB8002E629D /* Fonts.swift in Sources */ = {isa = PBXBuildFile; fileRef = FCEE102E2934CCB8002E629D /* Fonts.swift */; };
		FCEE10312934D287002E629D /* Assets+Generated.swift in Sources */ = {isa = PBXBuildFile; fileRef = FCEE10302934D287002E629D /* Assets+Generated.swift */; };
		FCF0181A295F08E50027078A /* UserLevelInfo.swift in Sources */ = {isa = PBXBuildFile; fileRef = FCF01819295F08E50027078A /* UserLevelInfo.swift */; };
		FCF0181D296095AD0027078A /* CTAButton.swift in Sources */ = {isa = PBXBuildFile; fileRef = FCF0181C296095AD0027078A /* CTAButton.swift */; };
/* End PBXBuildFile section */

/* Begin PBXContainerItemProxy section */
		3244A212292DC13B00716A2B /* PBXContainerItemProxy */ = {
			isa = PBXContainerItemProxy;
			containerPortal = 3244A1F0292DC13A00716A2B /* Project object */;
			proxyType = 1;
			remoteGlobalIDString = 3244A1F7292DC13A00716A2B;
			remoteInfo = RefillStation;
		};
		3244A21C292DC13B00716A2B /* PBXContainerItemProxy */ = {
			isa = PBXContainerItemProxy;
			containerPortal = 3244A1F0292DC13A00716A2B /* Project object */;
			proxyType = 1;
			remoteGlobalIDString = 3244A1F7292DC13A00716A2B;
			remoteInfo = RefillStation;
		};
/* End PBXContainerItemProxy section */

/* Begin PBXFileReference section */
		3209974A2935153300956FBE /* DetailReviewCountCell.swift */ = {isa = PBXFileReference; lastKnownFileType = sourcecode.swift; path = DetailReviewCountCell.swift; sourceTree = "<group>"; };
		320BB2562951A03500D5E9CB /* StoreDetailHeaderView.swift */ = {isa = PBXFileReference; lastKnownFileType = sourcecode.swift; path = StoreDetailHeaderView.swift; sourceTree = "<group>"; };
		32409865295F51DB00911306 /* DetailReviewTagCollectionViewCell.swift */ = {isa = PBXFileReference; lastKnownFileType = sourcecode.swift; path = DetailReviewTagCollectionViewCell.swift; sourceTree = "<group>"; };
		3240986F29602A7400911306 /* ProductCategory.swift */ = {isa = PBXFileReference; lastKnownFileType = sourcecode.swift; path = ProductCategory.swift; sourceTree = "<group>"; };
		3240987129602B2300911306 /* ProductCategoriesCell.swift */ = {isa = PBXFileReference; lastKnownFileType = sourcecode.swift; path = ProductCategoriesCell.swift; sourceTree = "<group>"; };
		3240987329602B2C00911306 /* ProductCategoryCollectionViewCell.swift */ = {isa = PBXFileReference; lastKnownFileType = sourcecode.swift; path = ProductCategoryCollectionViewCell.swift; sourceTree = "<group>"; };
		324098752961367300911306 /* MockRepositories.swift */ = {isa = PBXFileReference; lastKnownFileType = sourcecode.swift; path = MockRepositories.swift; sourceTree = "<group>"; };
		3240987729613CC300911306 /* MockEntityData.swift */ = {isa = PBXFileReference; lastKnownFileType = sourcecode.swift; path = MockEntityData.swift; sourceTree = "<group>"; };
		324355522956D3F70043E53B /* StoreDetailSceneCoordinator.swift */ = {isa = PBXFileReference; lastKnownFileType = sourcecode.swift; path = StoreDetailSceneCoordinator.swift; sourceTree = "<group>"; };
		3244A1F8292DC13A00716A2B /* RefillStation.app */ = {isa = PBXFileReference; explicitFileType = wrapper.application; includeInIndex = 0; path = RefillStation.app; sourceTree = BUILT_PRODUCTS_DIR; };
		3244A1FB292DC13A00716A2B /* AppDelegate.swift */ = {isa = PBXFileReference; lastKnownFileType = sourcecode.swift; path = AppDelegate.swift; sourceTree = "<group>"; };
		3244A205292DC13A00716A2B /* RefillStation.xcdatamodel */ = {isa = PBXFileReference; lastKnownFileType = wrapper.xcdatamodel; path = RefillStation.xcdatamodel; sourceTree = "<group>"; };
		3244A207292DC13A00716A2B /* Assets.xcassets */ = {isa = PBXFileReference; lastKnownFileType = folder.assetcatalog; path = Assets.xcassets; sourceTree = "<group>"; };
		3244A20A292DC13A00716A2B /* Base */ = {isa = PBXFileReference; lastKnownFileType = file.storyboard; name = Base; path = Base.lproj/LaunchScreen.storyboard; sourceTree = "<group>"; };
		3244A20C292DC13A00716A2B /* Info.plist */ = {isa = PBXFileReference; lastKnownFileType = text.plist.xml; path = Info.plist; sourceTree = "<group>"; };
		3244A211292DC13B00716A2B /* RefillStationTests.xctest */ = {isa = PBXFileReference; explicitFileType = wrapper.cfbundle; includeInIndex = 0; path = RefillStationTests.xctest; sourceTree = BUILT_PRODUCTS_DIR; };
		3244A215292DC13B00716A2B /* RefillStationTests.swift */ = {isa = PBXFileReference; lastKnownFileType = sourcecode.swift; path = RefillStationTests.swift; sourceTree = "<group>"; };
		3244A21B292DC13B00716A2B /* RefillStationUITests.xctest */ = {isa = PBXFileReference; explicitFileType = wrapper.cfbundle; includeInIndex = 0; path = RefillStationUITests.xctest; sourceTree = BUILT_PRODUCTS_DIR; };
		3244A21F292DC13B00716A2B /* RefillStationUITests.swift */ = {isa = PBXFileReference; lastKnownFileType = sourcecode.swift; path = RefillStationUITests.swift; sourceTree = "<group>"; };
		3244A221292DC13B00716A2B /* RefillStationUITestsLaunchTests.swift */ = {isa = PBXFileReference; lastKnownFileType = sourcecode.swift; path = RefillStationUITestsLaunchTests.swift; sourceTree = "<group>"; };
		3244A232292DC48300716A2B /* .swiftlint.yml */ = {isa = PBXFileReference; lastKnownFileType = text.yaml; path = .swiftlint.yml; sourceTree = "<group>"; };
		324CCBDD29321616001F6FDA /* DetailReviewCell.swift */ = {isa = PBXFileReference; fileEncoding = 4; lastKnownFileType = sourcecode.swift; path = DetailReviewCell.swift; sourceTree = "<group>"; };
		324CCBDE29321616001F6FDA /* MoveToWriteReviewCell.swift */ = {isa = PBXFileReference; fileEncoding = 4; lastKnownFileType = sourcecode.swift; path = MoveToWriteReviewCell.swift; sourceTree = "<group>"; };
		324CCBDF29321616001F6FDA /* VotedCountLabelCell.swift */ = {isa = PBXFileReference; fileEncoding = 4; lastKnownFileType = sourcecode.swift; path = VotedCountLabelCell.swift; sourceTree = "<group>"; };
		325985DE294C50BD00D26A37 /* AppFlowCoordinator.swift */ = {isa = PBXFileReference; lastKnownFileType = sourcecode.swift; path = AppFlowCoordinator.swift; sourceTree = "<group>"; };
		325985E0294C50D200D26A37 /* AppDIContainer.swift */ = {isa = PBXFileReference; lastKnownFileType = sourcecode.swift; path = AppDIContainer.swift; sourceTree = "<group>"; };
		325985E2294C51A700D26A37 /* HomeSceneDIContainer.swift */ = {isa = PBXFileReference; lastKnownFileType = sourcecode.swift; path = HomeSceneDIContainer.swift; sourceTree = "<group>"; };
		325985E4294C51BA00D26A37 /* OnboardingDIContainer.swift */ = {isa = PBXFileReference; lastKnownFileType = sourcecode.swift; path = OnboardingDIContainer.swift; sourceTree = "<group>"; };
		325985E6294C525800D26A37 /* Coordinator.swift */ = {isa = PBXFileReference; lastKnownFileType = sourcecode.swift; path = Coordinator.swift; sourceTree = "<group>"; };
		325985E8294C527000D26A37 /* DIContainer.swift */ = {isa = PBXFileReference; lastKnownFileType = sourcecode.swift; path = DIContainer.swift; sourceTree = "<group>"; };
		325985EA294C529C00D26A37 /* OnboardingSceneCoordinatorDelegate.swift */ = {isa = PBXFileReference; lastKnownFileType = sourcecode.swift; path = OnboardingSceneCoordinatorDelegate.swift; sourceTree = "<group>"; };
		325985EC294C52ED00D26A37 /* OnboardingViewModelCoordinatorDelegate.swift */ = {isa = PBXFileReference; lastKnownFileType = sourcecode.swift; path = OnboardingViewModelCoordinatorDelegate.swift; sourceTree = "<group>"; };
		325985EE294C535B00D26A37 /* HomeViewModelCoordinatorDelegate.swift */ = {isa = PBXFileReference; lastKnownFileType = sourcecode.swift; path = HomeViewModelCoordinatorDelegate.swift; sourceTree = "<group>"; };
		325985F0294C537D00D26A37 /* StoreReviewViewModelCoordinatorDelegate.swift */ = {isa = PBXFileReference; lastKnownFileType = sourcecode.swift; path = StoreReviewViewModelCoordinatorDelegate.swift; sourceTree = "<group>"; };
		325985F2294C53A200D26A37 /* RequestRegionViewModelCoordinatorDelegate.swift */ = {isa = PBXFileReference; lastKnownFileType = sourcecode.swift; path = RequestRegionViewModelCoordinatorDelegate.swift; sourceTree = "<group>"; };
		325985F6294C544400D26A37 /* HomeSceneCoordinator.swift */ = {isa = PBXFileReference; lastKnownFileType = sourcecode.swift; path = HomeSceneCoordinator.swift; sourceTree = "<group>"; };
		325985F8294C54CB00D26A37 /* StoreDetailDIContainer.swift */ = {isa = PBXFileReference; lastKnownFileType = sourcecode.swift; path = StoreDetailDIContainer.swift; sourceTree = "<group>"; };
		32A1FC09293507D1009DF915 /* FirstReviewRequestCell.swift */ = {isa = PBXFileReference; lastKnownFileType = sourcecode.swift; path = FirstReviewRequestCell.swift; sourceTree = "<group>"; };
		32C1969029552C48001D87B1 /* ProductListHeaderCell.swift */ = {isa = PBXFileReference; lastKnownFileType = sourcecode.swift; path = ProductListHeaderCell.swift; sourceTree = "<group>"; };
		32E9A554292E1947000072EE /* TagReview.swift */ = {isa = PBXFileReference; lastKnownFileType = sourcecode.swift; path = TagReview.swift; sourceTree = "<group>"; };
		32E9A55C292E4F37000072EE /* VotedTagCell.swift */ = {isa = PBXFileReference; lastKnownFileType = sourcecode.swift; path = VotedTagCell.swift; sourceTree = "<group>"; };
		32E9A560292E68CF000072EE /* DetailReview.swift */ = {isa = PBXFileReference; lastKnownFileType = sourcecode.swift; path = DetailReview.swift; sourceTree = "<group>"; };
		32ED74792969441D007EA791 /* OperationInfoCell.swift */ = {isa = PBXFileReference; lastKnownFileType = sourcecode.swift; path = OperationInfoCell.swift; sourceTree = "<group>"; };
		32ED747B29696C52007EA791 /* StoreInfoViewCell.swift */ = {isa = PBXFileReference; lastKnownFileType = sourcecode.swift; name = StoreInfoViewCell.swift; path = RefillStation/Presentation/StoreDetailScene/View/StoreDetailInfo/StoreInfoViewCell.swift; sourceTree = SOURCE_ROOT; };
		32F2D9B02951862E00131EB1 /* StoreDetailViewController.swift */ = {isa = PBXFileReference; lastKnownFileType = sourcecode.swift; path = StoreDetailViewController.swift; sourceTree = "<group>"; };
		32F2D9B22951864700131EB1 /* StoreDetailViewModel.swift */ = {isa = PBXFileReference; lastKnownFileType = sourcecode.swift; path = StoreDetailViewModel.swift; sourceTree = "<group>"; };
		32F2D9D429518F5900131EB1 /* ProductCell.swift */ = {isa = PBXFileReference; lastKnownFileType = sourcecode.swift; path = ProductCell.swift; sourceTree = "<group>"; };
		FC1FD6A02962C4AF00869F5F /* RegisterReviewPopUpViewController.swift */ = {isa = PBXFileReference; lastKnownFileType = sourcecode.swift; path = RegisterReviewPopUpViewController.swift; sourceTree = "<group>"; };
		FC3EBDF22932872100A9C1F9 /* Product.swift */ = {isa = PBXFileReference; lastKnownFileType = sourcecode.swift; path = Product.swift; sourceTree = "<group>"; };
		FC4739402936AB3300DB9BDB /* StoreCollectionViewCell.swift */ = {isa = PBXFileReference; lastKnownFileType = sourcecode.swift; path = StoreCollectionViewCell.swift; sourceTree = "<group>"; };
		FC4739432937664F00DB9BDB /* HomeViewController.swift */ = {isa = PBXFileReference; lastKnownFileType = sourcecode.swift; path = HomeViewController.swift; sourceTree = "<group>"; };
		FC47394629376BA500DB9BDB /* HomeViewModel.swift */ = {isa = PBXFileReference; lastKnownFileType = sourcecode.swift; path = HomeViewModel.swift; sourceTree = "<group>"; };
		FC47394829376E2200DB9BDB /* Store.swift */ = {isa = PBXFileReference; lastKnownFileType = sourcecode.swift; path = Store.swift; sourceTree = "<group>"; };
		FC60D8292962C36F00C676A6 /* DefaultTagReviewViewModel.swift */ = {isa = PBXFileReference; fileEncoding = 4; lastKnownFileType = sourcecode.swift; path = DefaultTagReviewViewModel.swift; sourceTree = "<group>"; };
		FC60D82A2962C36F00C676A6 /* Section.swift */ = {isa = PBXFileReference; fileEncoding = 4; lastKnownFileType = sourcecode.swift; path = Section.swift; sourceTree = "<group>"; };
		FC60D82B2962C36F00C676A6 /* ReviewPhotoDelegate.swift */ = {isa = PBXFileReference; fileEncoding = 4; lastKnownFileType = sourcecode.swift; path = ReviewPhotoDelegate.swift; sourceTree = "<group>"; };
		FC60D82D2962C36F00C676A6 /* StoreInfoCell.swift */ = {isa = PBXFileReference; fileEncoding = 4; lastKnownFileType = sourcecode.swift; path = StoreInfoCell.swift; sourceTree = "<group>"; };
		FC60D82E2962C36F00C676A6 /* TagReviewCell.swift */ = {isa = PBXFileReference; fileEncoding = 4; lastKnownFileType = sourcecode.swift; path = TagReviewCell.swift; sourceTree = "<group>"; };
		FC60D82F2962C36F00C676A6 /* ReviewDescriptionCell.swift */ = {isa = PBXFileReference; fileEncoding = 4; lastKnownFileType = sourcecode.swift; path = ReviewDescriptionCell.swift; sourceTree = "<group>"; };
		FC60D8302962C36F00C676A6 /* ReviewPhotosCell.swift */ = {isa = PBXFileReference; fileEncoding = 4; lastKnownFileType = sourcecode.swift; path = ReviewPhotosCell.swift; sourceTree = "<group>"; };
		FC60D8322962C36F00C676A6 /* VoteTitleCell.swift */ = {isa = PBXFileReference; fileEncoding = 4; lastKnownFileType = sourcecode.swift; path = VoteTitleCell.swift; sourceTree = "<group>"; };
		FC60D8352962C36F00C676A6 /* RegisterReviewViewController.swift */ = {isa = PBXFileReference; fileEncoding = 4; lastKnownFileType = sourcecode.swift; path = RegisterReviewViewController.swift; sourceTree = "<group>"; };
		FC7D3526292EC72400335AAB /* ProductListViewModel.swift */ = {isa = PBXFileReference; lastKnownFileType = sourcecode.swift; path = ProductListViewModel.swift; sourceTree = "<group>"; };
		FC7D3528292F22B300335AAB /* StoreDetailInfoStackView.swift */ = {isa = PBXFileReference; lastKnownFileType = sourcecode.swift; path = StoreDetailInfoStackView.swift; sourceTree = "<group>"; };
		FC84FAC4293AB04800428AAA /* RegionRequestHeaderView.swift */ = {isa = PBXFileReference; lastKnownFileType = sourcecode.swift; path = RegionRequestHeaderView.swift; sourceTree = "<group>"; };
		FC84FAC8293B640300428AAA /* RequestRegionViewController.swift */ = {isa = PBXFileReference; lastKnownFileType = sourcecode.swift; path = RequestRegionViewController.swift; sourceTree = "<group>"; };
		FC84FACB293B944900428AAA /* RequestRegionViewModel.swift */ = {isa = PBXFileReference; lastKnownFileType = sourcecode.swift; path = RequestRegionViewModel.swift; sourceTree = "<group>"; };
		FCE00A66294C5ADF00B5C05F /* CoreDataStorage.swift */ = {isa = PBXFileReference; lastKnownFileType = sourcecode.swift; path = CoreDataStorage.swift; sourceTree = "<group>"; };
		FCE00A69294C5B3400B5C05F /* TagResponseStorage.swift */ = {isa = PBXFileReference; lastKnownFileType = sourcecode.swift; path = TagResponseStorage.swift; sourceTree = "<group>"; };
		FCE00A6C294C5D5F00B5C05F /* CoreDataTagResponseStorage.swift */ = {isa = PBXFileReference; lastKnownFileType = sourcecode.swift; path = CoreDataTagResponseStorage.swift; sourceTree = "<group>"; };
		FCE00A70294C916600B5C05F /* FetchStoreListUseCase.swift */ = {isa = PBXFileReference; lastKnownFileType = sourcecode.swift; path = FetchStoreListUseCase.swift; sourceTree = "<group>"; };
		FCE00A72294C917200B5C05F /* SearchStoreListUseCase.swift */ = {isa = PBXFileReference; lastKnownFileType = sourcecode.swift; path = SearchStoreListUseCase.swift; sourceTree = "<group>"; };
		FCE00A74294C917B00B5C05F /* FetchProductListUseCase.swift */ = {isa = PBXFileReference; lastKnownFileType = sourcecode.swift; path = FetchProductListUseCase.swift; sourceTree = "<group>"; };
		FCE00A76294C919100B5C05F /* RequestRegionUseCase.swift */ = {isa = PBXFileReference; lastKnownFileType = sourcecode.swift; path = RequestRegionUseCase.swift; sourceTree = "<group>"; };
		FCE00A78294C919A00B5C05F /* FetchReviewUseCase.swift */ = {isa = PBXFileReference; lastKnownFileType = sourcecode.swift; path = FetchReviewUseCase.swift; sourceTree = "<group>"; };
		FCE00A7A294C91A200B5C05F /* RecommendStoreUseCase.swift */ = {isa = PBXFileReference; lastKnownFileType = sourcecode.swift; path = RecommendStoreUseCase.swift; sourceTree = "<group>"; };
		FCE00A7C294C91AD00B5C05F /* RegisterReviewUseCase.swift */ = {isa = PBXFileReference; lastKnownFileType = sourcecode.swift; path = RegisterReviewUseCase.swift; sourceTree = "<group>"; };
		FCE00A7E294C91B600B5C05F /* UploadReviewImageUseCase.swift */ = {isa = PBXFileReference; lastKnownFileType = sourcecode.swift; path = UploadReviewImageUseCase.swift; sourceTree = "<group>"; };
		FCE00A81294C95E100B5C05F /* HomeRepository.swift */ = {isa = PBXFileReference; lastKnownFileType = sourcecode.swift; path = HomeRepository.swift; sourceTree = "<group>"; };
		FCE00A83294C95E900B5C05F /* ProductListRepository.swift */ = {isa = PBXFileReference; lastKnownFileType = sourcecode.swift; path = ProductListRepository.swift; sourceTree = "<group>"; };
		FCE00A85294C95F200B5C05F /* RequestRegionRepository.swift */ = {isa = PBXFileReference; lastKnownFileType = sourcecode.swift; path = RequestRegionRepository.swift; sourceTree = "<group>"; };
		FCE00A87294C95FA00B5C05F /* StoreReviewRepository.swift */ = {isa = PBXFileReference; lastKnownFileType = sourcecode.swift; path = StoreReviewRepository.swift; sourceTree = "<group>"; };
		FCE00A89294C960000B5C05F /* RegisterReviewRepository.swift */ = {isa = PBXFileReference; lastKnownFileType = sourcecode.swift; path = RegisterReviewRepository.swift; sourceTree = "<group>"; };
		FCE00A8D294C965000B5C05F /* HomeRepositoryInterface.swift */ = {isa = PBXFileReference; lastKnownFileType = sourcecode.swift; path = HomeRepositoryInterface.swift; sourceTree = "<group>"; };
		FCE00A8F294C965900B5C05F /* ProductListRepositoryInterface.swift */ = {isa = PBXFileReference; lastKnownFileType = sourcecode.swift; path = ProductListRepositoryInterface.swift; sourceTree = "<group>"; };
		FCE00A91294C966000B5C05F /* RequestRegionRepositoryInterface.swift */ = {isa = PBXFileReference; lastKnownFileType = sourcecode.swift; path = RequestRegionRepositoryInterface.swift; sourceTree = "<group>"; };
		FCE00A93294C966700B5C05F /* StoreReviewRepositoryInterface.swift */ = {isa = PBXFileReference; lastKnownFileType = sourcecode.swift; path = StoreReviewRepositoryInterface.swift; sourceTree = "<group>"; };
		FCE00A95294C966C00B5C05F /* RegisterReviewRepositoryInterface.swift */ = {isa = PBXFileReference; lastKnownFileType = sourcecode.swift; path = RegisterReviewRepositoryInterface.swift; sourceTree = "<group>"; };
		FCE00A972950E04300B5C05F /* Tag.swift */ = {isa = PBXFileReference; lastKnownFileType = sourcecode.swift; path = Tag.swift; sourceTree = "<group>"; };
		FCE00A992950E07900B5C05F /* User.swift */ = {isa = PBXFileReference; lastKnownFileType = sourcecode.swift; path = User.swift; sourceTree = "<group>"; };
		FCE00A9B2950E1C700B5C05F /* Review.swift */ = {isa = PBXFileReference; lastKnownFileType = sourcecode.swift; path = Review.swift; sourceTree = "<group>"; };
		FCE00A9F29517E6E00B5C05F /* NetworkService.swift */ = {isa = PBXFileReference; lastKnownFileType = sourcecode.swift; path = NetworkService.swift; sourceTree = "<group>"; };
		FCE00AA5295187B500B5C05F /* Cancellable.swift */ = {isa = PBXFileReference; lastKnownFileType = sourcecode.swift; path = Cancellable.swift; sourceTree = "<group>"; };
		FCEE10222934C385002E629D /* Colors.xcassets */ = {isa = PBXFileReference; lastKnownFileType = folder.assetcatalog; path = Colors.xcassets; sourceTree = "<group>"; };
		FCEE10242934C855002E629D /* images.xcassets */ = {isa = PBXFileReference; lastKnownFileType = folder.assetcatalog; path = images.xcassets; sourceTree = "<group>"; };
		FCEE10262934C8EE002E629D /* swiftgen.yml */ = {isa = PBXFileReference; lastKnownFileType = text.yaml; path = swiftgen.yml; sourceTree = "<group>"; };
		FCEE102E2934CCB8002E629D /* Fonts.swift */ = {isa = PBXFileReference; lastKnownFileType = sourcecode.swift; path = Fonts.swift; sourceTree = "<group>"; };
		FCEE10302934D287002E629D /* Assets+Generated.swift */ = {isa = PBXFileReference; fileEncoding = 4; lastKnownFileType = sourcecode.swift; path = "Assets+Generated.swift"; sourceTree = "<group>"; };
		FCF01819295F08E50027078A /* UserLevelInfo.swift */ = {isa = PBXFileReference; lastKnownFileType = sourcecode.swift; path = UserLevelInfo.swift; sourceTree = "<group>"; };
		FCF0181C296095AD0027078A /* CTAButton.swift */ = {isa = PBXFileReference; lastKnownFileType = sourcecode.swift; path = CTAButton.swift; sourceTree = "<group>"; };
/* End PBXFileReference section */

/* Begin PBXFrameworksBuildPhase section */
		3244A1F5292DC13A00716A2B /* Frameworks */ = {
			isa = PBXFrameworksBuildPhase;
			buildActionMask = 2147483647;
			files = (
				FCB6667D29346285004F38B0 /* Tabman in Frameworks */,
				3244A23D292DCB6A00716A2B /* RxRelay in Frameworks */,
				3244A23B292DCB6A00716A2B /* RxCocoa in Frameworks */,
				FCE00AA329517EE900B5C05F /* Alamofire in Frameworks */,
				3244A23F292DCB6A00716A2B /* RxSwift in Frameworks */,
				3244A238292DCB1F00716A2B /* SnapKit in Frameworks */,
			);
			runOnlyForDeploymentPostprocessing = 0;
		};
		3244A20E292DC13B00716A2B /* Frameworks */ = {
			isa = PBXFrameworksBuildPhase;
			buildActionMask = 2147483647;
			files = (
			);
			runOnlyForDeploymentPostprocessing = 0;
		};
		3244A218292DC13B00716A2B /* Frameworks */ = {
			isa = PBXFrameworksBuildPhase;
			buildActionMask = 2147483647;
			files = (
			);
			runOnlyForDeploymentPostprocessing = 0;
		};
/* End PBXFrameworksBuildPhase section */

/* Begin PBXGroup section */
		320DCDDE293C1B3B00C09C43 /* ViewModel */ = {
			isa = PBXGroup;
			children = (
				32F2D9B22951864700131EB1 /* StoreDetailViewModel.swift */,
			);
			path = ViewModel;
			sourceTree = "<group>";
		};
		324355542956D4030043E53B /* Flow */ = {
			isa = PBXGroup;
			children = (
				324355522956D3F70043E53B /* StoreDetailSceneCoordinator.swift */,
			);
			path = Flow;
			sourceTree = "<group>";
		};
		324355552956D40D0043E53B /* ViewController */ = {
			isa = PBXGroup;
			children = (
				32F2D9B02951862E00131EB1 /* StoreDetailViewController.swift */,
			);
			path = ViewController;
			sourceTree = "<group>";
		};
		324355562956D4210043E53B /* View */ = {
			isa = PBXGroup;
			children = (
				3295574B29519D7800F5AB53 /* StoreDetailInfo */,
				3266A8BF2953C98800B158A7 /* TabBarHeader */,
				3295574C29519DBC00F5AB53 /* ProductList */,
				3295574D29519DCA00F5AB53 /* Review */,
				32ED74792969441D007EA791 /* OperationInfoCell.swift */,
			);
			path = View;
			sourceTree = "<group>";
		};
		3244A1EF292DC13A00716A2B = {
			isa = PBXGroup;
			children = (
				3244A232292DC48300716A2B /* .swiftlint.yml */,
				FCEE10262934C8EE002E629D /* swiftgen.yml */,
				3244A1FA292DC13A00716A2B /* RefillStation */,
				3244A214292DC13B00716A2B /* RefillStationTests */,
				3244A21E292DC13B00716A2B /* RefillStationUITests */,
				3244A1F9292DC13A00716A2B /* Products */,
			);
			sourceTree = "<group>";
		};
		3244A1F9292DC13A00716A2B /* Products */ = {
			isa = PBXGroup;
			children = (
				3244A1F8292DC13A00716A2B /* RefillStation.app */,
				3244A211292DC13B00716A2B /* RefillStationTests.xctest */,
				3244A21B292DC13B00716A2B /* RefillStationUITests.xctest */,
			);
			name = Products;
			sourceTree = "<group>";
		};
		3244A1FA292DC13A00716A2B /* RefillStation */ = {
			isa = PBXGroup;
			children = (
				3244A231292DC19E00716A2B /* Application */,
				3244A230292DC19200716A2B /* Presentation */,
				32E9A553292E1936000072EE /* Domain */,
				3244A22E292DC16A00716A2B /* Data */,
				FCE00A9D29517E4E00B5C05F /* Infrastructure */,
				FCE00AA42951879A00B5C05F /* Common */,
				3244A22F292DC17800716A2B /* Resources */,
			);
			path = RefillStation;
			sourceTree = "<group>";
		};
		3244A214292DC13B00716A2B /* RefillStationTests */ = {
			isa = PBXGroup;
			children = (
				3244A215292DC13B00716A2B /* RefillStationTests.swift */,
			);
			path = RefillStationTests;
			sourceTree = "<group>";
		};
		3244A21E292DC13B00716A2B /* RefillStationUITests */ = {
			isa = PBXGroup;
			children = (
				3244A21F292DC13B00716A2B /* RefillStationUITests.swift */,
				3244A221292DC13B00716A2B /* RefillStationUITestsLaunchTests.swift */,
			);
			path = RefillStationUITests;
			sourceTree = "<group>";
		};
		3244A22E292DC16A00716A2B /* Data */ = {
			isa = PBXGroup;
			children = (
				FCE00A80294C95CD00B5C05F /* Repositories */,
				FCE00A64294C598800B5C05F /* PersistentStorages */,
				3240987729613CC300911306 /* MockEntityData.swift */,
			);
			path = Data;
			sourceTree = "<group>";
		};
		3244A22F292DC17800716A2B /* Resources */ = {
			isa = PBXGroup;
			children = (
				3244A207292DC13A00716A2B /* Assets.xcassets */,
				FCEE10242934C855002E629D /* images.xcassets */,
				FCEE10222934C385002E629D /* Colors.xcassets */,
				FCEE10302934D287002E629D /* Assets+Generated.swift */,
				FCEE102E2934CCB8002E629D /* Fonts.swift */,
				3244A209292DC13A00716A2B /* LaunchScreen.storyboard */,
				3244A20C292DC13A00716A2B /* Info.plist */,
			);
			path = Resources;
			sourceTree = "<group>";
		};
		3244A230292DC19200716A2B /* Presentation */ = {
			isa = PBXGroup;
			children = (
				FCF0181B2960958C0027078A /* Component */,
				FC47393D2936AB0400DB9BDB /* HomeScene */,
				FC84FAC6293B63CD00428AAA /* RequestRegionScene */,
				FC7D3523292EC1C500335AAB /* StoreDetailScene */,
				FC60D80C2962C33300C676A6 /* RegisterReviewScene */,
			);
			path = Presentation;
			sourceTree = "<group>";
		};
		3244A231292DC19E00716A2B /* Application */ = {
			isa = PBXGroup;
			children = (
				3244A1FB292DC13A00716A2B /* AppDelegate.swift */,
				325985F5294C53E900D26A37 /* DIContainer */,
				325985F4294C53DE00D26A37 /* Coordinator */,
			);
			path = Application;
			sourceTree = "<group>";
		};
		325985F4294C53DE00D26A37 /* Coordinator */ = {
			isa = PBXGroup;
			children = (
				325985E6294C525800D26A37 /* Coordinator.swift */,
				325985DE294C50BD00D26A37 /* AppFlowCoordinator.swift */,
				325985F6294C544400D26A37 /* HomeSceneCoordinator.swift */,
				325985EA294C529C00D26A37 /* OnboardingSceneCoordinatorDelegate.swift */,
				325985EC294C52ED00D26A37 /* OnboardingViewModelCoordinatorDelegate.swift */,
				325985EE294C535B00D26A37 /* HomeViewModelCoordinatorDelegate.swift */,
				325985F0294C537D00D26A37 /* StoreReviewViewModelCoordinatorDelegate.swift */,
				325985F2294C53A200D26A37 /* RequestRegionViewModelCoordinatorDelegate.swift */,
			);
			path = Coordinator;
			sourceTree = "<group>";
		};
		325985F5294C53E900D26A37 /* DIContainer */ = {
			isa = PBXGroup;
			children = (
				325985E8294C527000D26A37 /* DIContainer.swift */,
				325985E0294C50D200D26A37 /* AppDIContainer.swift */,
				325985E2294C51A700D26A37 /* HomeSceneDIContainer.swift */,
				325985E4294C51BA00D26A37 /* OnboardingDIContainer.swift */,
				325985F8294C54CB00D26A37 /* StoreDetailDIContainer.swift */,
			);
			path = DIContainer;
			sourceTree = "<group>";
		};
		3266A8BF2953C98800B158A7 /* TabBarHeader */ = {
			isa = PBXGroup;
			children = (
				320BB2562951A03500D5E9CB /* StoreDetailHeaderView.swift */,
			);
			path = TabBarHeader;
			sourceTree = "<group>";
		};
		3295574B29519D7800F5AB53 /* StoreDetailInfo */ = {
			isa = PBXGroup;
			children = (
				32ED747B29696C52007EA791 /* StoreInfoViewCell.swift */,
				FC7D3528292F22B300335AAB /* StoreDetailInfoStackView.swift */,
			);
			path = StoreDetailInfo;
			sourceTree = "<group>";
		};
		3295574C29519DBC00F5AB53 /* ProductList */ = {
			isa = PBXGroup;
			children = (
				32F2D9D429518F5900131EB1 /* ProductCell.swift */,
				3240987129602B2300911306 /* ProductCategoriesCell.swift */,
				3240987329602B2C00911306 /* ProductCategoryCollectionViewCell.swift */,
				32C1969029552C48001D87B1 /* ProductListHeaderCell.swift */,
			);
			path = ProductList;
			sourceTree = "<group>";
		};
		3295574D29519DCA00F5AB53 /* Review */ = {
			isa = PBXGroup;
			children = (
				324CCBDE29321616001F6FDA /* MoveToWriteReviewCell.swift */,
				32A1FC09293507D1009DF915 /* FirstReviewRequestCell.swift */,
				324CCBDF29321616001F6FDA /* VotedCountLabelCell.swift */,
				32E9A55C292E4F37000072EE /* VotedTagCell.swift */,
				3209974A2935153300956FBE /* DetailReviewCountCell.swift */,
				324CCBDD29321616001F6FDA /* DetailReviewCell.swift */,
				32409865295F51DB00911306 /* DetailReviewTagCollectionViewCell.swift */,
			);
			path = Review;
			sourceTree = "<group>";
		};
		32E9A553292E1936000072EE /* Domain */ = {
			isa = PBXGroup;
			children = (
				FCE00A6F294C5E6600B5C05F /* Entities */,
				FCE00A5E294C588A00B5C05F /* UseCases */,
				FCE00A8B294C960E00B5C05F /* Interfaces */,
			);
			path = Domain;
			sourceTree = "<group>";
		};
		FC47393D2936AB0400DB9BDB /* HomeScene */ = {
			isa = PBXGroup;
			children = (
				FC47394529376A4500DB9BDB /* ViewModel */,
				FC4739422937663200DB9BDB /* ViewController */,
				FC47393E2936AB0D00DB9BDB /* View */,
			);
			path = HomeScene;
			sourceTree = "<group>";
		};
		FC47393E2936AB0D00DB9BDB /* View */ = {
			isa = PBXGroup;
			children = (
				FC4739402936AB3300DB9BDB /* StoreCollectionViewCell.swift */,
				FC84FAC4293AB04800428AAA /* RegionRequestHeaderView.swift */,
			);
			path = View;
			sourceTree = "<group>";
		};
		FC4739422937663200DB9BDB /* ViewController */ = {
			isa = PBXGroup;
			children = (
				FC4739432937664F00DB9BDB /* HomeViewController.swift */,
			);
			path = ViewController;
			sourceTree = "<group>";
		};
		FC47394529376A4500DB9BDB /* ViewModel */ = {
			isa = PBXGroup;
			children = (
				FC47394629376BA500DB9BDB /* HomeViewModel.swift */,
			);
			path = ViewModel;
			sourceTree = "<group>";
		};
		FC60D80C2962C33300C676A6 /* RegisterReviewScene */ = {
			isa = PBXGroup;
			children = (
				FC60D82C2962C36F00C676A6 /* View */,
				FC60D8332962C36F00C676A6 /* ViewController */,
				FC60D8282962C36F00C676A6 /* ViewModel */,
				FC60D82B2962C36F00C676A6 /* ReviewPhotoDelegate.swift */,
				FC60D82A2962C36F00C676A6 /* Section.swift */,
			);
			path = RegisterReviewScene;
			sourceTree = "<group>";
		};
		FC60D8282962C36F00C676A6 /* ViewModel */ = {
			isa = PBXGroup;
			children = (
				FC60D8292962C36F00C676A6 /* DefaultTagReviewViewModel.swift */,
			);
			path = ViewModel;
			sourceTree = "<group>";
		};
		FC60D82C2962C36F00C676A6 /* View */ = {
			isa = PBXGroup;
			children = (
				FC60D82D2962C36F00C676A6 /* StoreInfoCell.swift */,
				FC60D82E2962C36F00C676A6 /* TagReviewCell.swift */,
				FC60D82F2962C36F00C676A6 /* ReviewDescriptionCell.swift */,
				FC60D8302962C36F00C676A6 /* ReviewPhotosCell.swift */,
				FC60D8322962C36F00C676A6 /* VoteTitleCell.swift */,
			);
			path = View;
			sourceTree = "<group>";
		};
		FC60D8332962C36F00C676A6 /* ViewController */ = {
			isa = PBXGroup;
			children = (
				FC60D8352962C36F00C676A6 /* RegisterReviewViewController.swift */,
				FC1FD6A02962C4AF00869F5F /* RegisterReviewPopUpViewController.swift */,
			);
			path = ViewController;
			sourceTree = "<group>";
		};
		FC7D3523292EC1C500335AAB /* StoreDetailScene */ = {
			isa = PBXGroup;
			children = (
				324355542956D4030043E53B /* Flow */,
				324355562956D4210043E53B /* View */,
				324355552956D40D0043E53B /* ViewController */,
				320DCDDE293C1B3B00C09C43 /* ViewModel */,
			);
			path = StoreDetailScene;
			sourceTree = "<group>";
		};
		FC84FAC6293B63CD00428AAA /* RequestRegionScene */ = {
			isa = PBXGroup;
			children = (
				FC84FACA293B943000428AAA /* ViewModel */,
				FC84FAC7293B63D600428AAA /* ViewController */,
			);
			path = RequestRegionScene;
			sourceTree = "<group>";
		};
		FC84FAC7293B63D600428AAA /* ViewController */ = {
			isa = PBXGroup;
			children = (
				FC84FAC8293B640300428AAA /* RequestRegionViewController.swift */,
			);
			path = ViewController;
			sourceTree = "<group>";
		};
		FC84FACA293B943000428AAA /* ViewModel */ = {
			isa = PBXGroup;
			children = (
				FC84FACB293B944900428AAA /* RequestRegionViewModel.swift */,
			);
			path = ViewModel;
			sourceTree = "<group>";
		};
		FCE00A5E294C588A00B5C05F /* UseCases */ = {
			isa = PBXGroup;
			children = (
				FCE00A70294C916600B5C05F /* FetchStoreListUseCase.swift */,
				FCE00A72294C917200B5C05F /* SearchStoreListUseCase.swift */,
				FCE00A74294C917B00B5C05F /* FetchProductListUseCase.swift */,
				FCE00A76294C919100B5C05F /* RequestRegionUseCase.swift */,
				FCE00A78294C919A00B5C05F /* FetchReviewUseCase.swift */,
				FCE00A7A294C91A200B5C05F /* RecommendStoreUseCase.swift */,
				FCE00A7C294C91AD00B5C05F /* RegisterReviewUseCase.swift */,
				FCE00A7E294C91B600B5C05F /* UploadReviewImageUseCase.swift */,
			);
			path = UseCases;
			sourceTree = "<group>";
		};
		FCE00A64294C598800B5C05F /* PersistentStorages */ = {
			isa = PBXGroup;
			children = (
				FCE00A68294C5AEA00B5C05F /* TagResponseStroage */,
				FCE00A65294C59AB00B5C05F /* CoreDataStorage */,
			);
			path = PersistentStorages;
			sourceTree = "<group>";
		};
		FCE00A65294C59AB00B5C05F /* CoreDataStorage */ = {
			isa = PBXGroup;
			children = (
				3244A204292DC13A00716A2B /* RefillStation.xcdatamodeld */,
				FCE00A66294C5ADF00B5C05F /* CoreDataStorage.swift */,
			);
			path = CoreDataStorage;
			sourceTree = "<group>";
		};
		FCE00A68294C5AEA00B5C05F /* TagResponseStroage */ = {
			isa = PBXGroup;
			children = (
				FCE00A69294C5B3400B5C05F /* TagResponseStorage.swift */,
				FCE00A6B294C5D3C00B5C05F /* CoreDataStorage */,
			);
			path = TagResponseStroage;
			sourceTree = "<group>";
		};
		FCE00A6B294C5D3C00B5C05F /* CoreDataStorage */ = {
			isa = PBXGroup;
			children = (
				FCE00A6C294C5D5F00B5C05F /* CoreDataTagResponseStorage.swift */,
			);
			path = CoreDataStorage;
			sourceTree = "<group>";
		};
		FCE00A6F294C5E6600B5C05F /* Entities */ = {
			isa = PBXGroup;
			children = (
				FCE00A992950E07900B5C05F /* User.swift */,
				FCE00A972950E04300B5C05F /* Tag.swift */,
				32E9A554292E1947000072EE /* TagReview.swift */,
				32E9A560292E68CF000072EE /* DetailReview.swift */,
				FCE00A9B2950E1C700B5C05F /* Review.swift */,
				FC47394829376E2200DB9BDB /* Store.swift */,
				FC3EBDF22932872100A9C1F9 /* Product.swift */,
				3240986F29602A7400911306 /* ProductCategory.swift */,
				FCF01819295F08E50027078A /* UserLevelInfo.swift */,
			);
			path = Entities;
			sourceTree = "<group>";
		};
		FCE00A80294C95CD00B5C05F /* Repositories */ = {
			isa = PBXGroup;
			children = (
				FCE00A81294C95E100B5C05F /* HomeRepository.swift */,
				FCE00A83294C95E900B5C05F /* ProductListRepository.swift */,
				FCE00A85294C95F200B5C05F /* RequestRegionRepository.swift */,
				FCE00A87294C95FA00B5C05F /* StoreReviewRepository.swift */,
				FCE00A89294C960000B5C05F /* RegisterReviewRepository.swift */,
				324098752961367300911306 /* MockRepositories.swift */,
			);
			path = Repositories;
			sourceTree = "<group>";
		};
		FCE00A8B294C960E00B5C05F /* Interfaces */ = {
			isa = PBXGroup;
			children = (
				FCE00A8C294C963800B5C05F /* Repositories */,
			);
			path = Interfaces;
			sourceTree = "<group>";
		};
		FCE00A8C294C963800B5C05F /* Repositories */ = {
			isa = PBXGroup;
			children = (
				FCE00A8D294C965000B5C05F /* HomeRepositoryInterface.swift */,
				FCE00A8F294C965900B5C05F /* ProductListRepositoryInterface.swift */,
				FCE00A91294C966000B5C05F /* RequestRegionRepositoryInterface.swift */,
				FCE00A93294C966700B5C05F /* StoreReviewRepositoryInterface.swift */,
				FCE00A95294C966C00B5C05F /* RegisterReviewRepositoryInterface.swift */,
			);
			path = Repositories;
			sourceTree = "<group>";
		};
		FCE00A9D29517E4E00B5C05F /* Infrastructure */ = {
			isa = PBXGroup;
			children = (
				FCE00A9E29517E5600B5C05F /* Network */,
			);
			path = Infrastructure;
			sourceTree = "<group>";
		};
		FCE00A9E29517E5600B5C05F /* Network */ = {
			isa = PBXGroup;
			children = (
				FCE00A9F29517E6E00B5C05F /* NetworkService.swift */,
			);
			path = Network;
			sourceTree = "<group>";
		};
		FCE00AA42951879A00B5C05F /* Common */ = {
			isa = PBXGroup;
			children = (
				FCE00AA5295187B500B5C05F /* Cancellable.swift */,
			);
			path = Common;
			sourceTree = "<group>";
		};
		FCF0181B2960958C0027078A /* Component */ = {
			isa = PBXGroup;
			children = (
				FCF0181C296095AD0027078A /* CTAButton.swift */,
			);
			path = Component;
			sourceTree = "<group>";
		};
/* End PBXGroup section */

/* Begin PBXNativeTarget section */
		3244A1F7292DC13A00716A2B /* RefillStation */ = {
			isa = PBXNativeTarget;
			buildConfigurationList = 3244A225292DC13B00716A2B /* Build configuration list for PBXNativeTarget "RefillStation" */;
			buildPhases = (
				3244A1F4292DC13A00716A2B /* Sources */,
				3244A1F5292DC13A00716A2B /* Frameworks */,
				3244A1F6292DC13A00716A2B /* Resources */,
				3244A234292DC4A400716A2B /* Run Script */,
				FCEE10282934C962002E629D /* SwiftGen Script */,
			);
			buildRules = (
			);
			dependencies = (
			);
			name = RefillStation;
			packageProductDependencies = (
				3244A237292DCB1F00716A2B /* SnapKit */,
				3244A23A292DCB6A00716A2B /* RxCocoa */,
				3244A23C292DCB6A00716A2B /* RxRelay */,
				3244A23E292DCB6A00716A2B /* RxSwift */,
				FCB6667C29346285004F38B0 /* Tabman */,
				FCE00AA229517EE900B5C05F /* Alamofire */,
			);
			productName = RefillStation;
			productReference = 3244A1F8292DC13A00716A2B /* RefillStation.app */;
			productType = "com.apple.product-type.application";
		};
		3244A210292DC13B00716A2B /* RefillStationTests */ = {
			isa = PBXNativeTarget;
			buildConfigurationList = 3244A228292DC13B00716A2B /* Build configuration list for PBXNativeTarget "RefillStationTests" */;
			buildPhases = (
				3244A20D292DC13B00716A2B /* Sources */,
				3244A20E292DC13B00716A2B /* Frameworks */,
				3244A20F292DC13B00716A2B /* Resources */,
			);
			buildRules = (
			);
			dependencies = (
				3244A213292DC13B00716A2B /* PBXTargetDependency */,
			);
			name = RefillStationTests;
			productName = RefillStationTests;
			productReference = 3244A211292DC13B00716A2B /* RefillStationTests.xctest */;
			productType = "com.apple.product-type.bundle.unit-test";
		};
		3244A21A292DC13B00716A2B /* RefillStationUITests */ = {
			isa = PBXNativeTarget;
			buildConfigurationList = 3244A22B292DC13B00716A2B /* Build configuration list for PBXNativeTarget "RefillStationUITests" */;
			buildPhases = (
				3244A217292DC13B00716A2B /* Sources */,
				3244A218292DC13B00716A2B /* Frameworks */,
				3244A219292DC13B00716A2B /* Resources */,
			);
			buildRules = (
			);
			dependencies = (
				3244A21D292DC13B00716A2B /* PBXTargetDependency */,
			);
			name = RefillStationUITests;
			productName = RefillStationUITests;
			productReference = 3244A21B292DC13B00716A2B /* RefillStationUITests.xctest */;
			productType = "com.apple.product-type.bundle.ui-testing";
		};
/* End PBXNativeTarget section */

/* Begin PBXProject section */
		3244A1F0292DC13A00716A2B /* Project object */ = {
			isa = PBXProject;
			attributes = {
				BuildIndependentTargetsInParallel = 1;
				LastSwiftUpdateCheck = 1340;
				LastUpgradeCheck = 1340;
				TargetAttributes = {
					3244A1F7292DC13A00716A2B = {
						CreatedOnToolsVersion = 13.4.1;
					};
					3244A210292DC13B00716A2B = {
						CreatedOnToolsVersion = 13.4.1;
						TestTargetID = 3244A1F7292DC13A00716A2B;
					};
					3244A21A292DC13B00716A2B = {
						CreatedOnToolsVersion = 13.4.1;
						TestTargetID = 3244A1F7292DC13A00716A2B;
					};
				};
			};
			buildConfigurationList = 3244A1F3292DC13A00716A2B /* Build configuration list for PBXProject "RefillStation" */;
			compatibilityVersion = "Xcode 13.0";
			developmentRegion = en;
			hasScannedForEncodings = 0;
			knownRegions = (
				en,
				Base,
			);
			mainGroup = 3244A1EF292DC13A00716A2B;
			packageReferences = (
				3244A236292DCB1F00716A2B /* XCRemoteSwiftPackageReference "SnapKit" */,
				3244A239292DCB6A00716A2B /* XCRemoteSwiftPackageReference "RxSwift" */,
				FCB6667B29346285004F38B0 /* XCRemoteSwiftPackageReference "Tabman" */,
				FCE00AA129517EE900B5C05F /* XCRemoteSwiftPackageReference "Alamofire" */,
			);
			productRefGroup = 3244A1F9292DC13A00716A2B /* Products */;
			projectDirPath = "";
			projectRoot = "";
			targets = (
				3244A1F7292DC13A00716A2B /* RefillStation */,
				3244A210292DC13B00716A2B /* RefillStationTests */,
				3244A21A292DC13B00716A2B /* RefillStationUITests */,
			);
		};
/* End PBXProject section */

/* Begin PBXResourcesBuildPhase section */
		3244A1F6292DC13A00716A2B /* Resources */ = {
			isa = PBXResourcesBuildPhase;
			buildActionMask = 2147483647;
			files = (
				3244A233292DC48300716A2B /* .swiftlint.yml in Resources */,
				FCEE10232934C385002E629D /* Colors.xcassets in Resources */,
				3244A20B292DC13A00716A2B /* LaunchScreen.storyboard in Resources */,
				3244A208292DC13A00716A2B /* Assets.xcassets in Resources */,
				FCEE10252934C855002E629D /* images.xcassets in Resources */,
			);
			runOnlyForDeploymentPostprocessing = 0;
		};
		3244A20F292DC13B00716A2B /* Resources */ = {
			isa = PBXResourcesBuildPhase;
			buildActionMask = 2147483647;
			files = (
			);
			runOnlyForDeploymentPostprocessing = 0;
		};
		3244A219292DC13B00716A2B /* Resources */ = {
			isa = PBXResourcesBuildPhase;
			buildActionMask = 2147483647;
			files = (
			);
			runOnlyForDeploymentPostprocessing = 0;
		};
/* End PBXResourcesBuildPhase section */

/* Begin PBXShellScriptBuildPhase section */
		3244A234292DC4A400716A2B /* Run Script */ = {
			isa = PBXShellScriptBuildPhase;
			buildActionMask = 2147483647;
			files = (
			);
			inputFileListPaths = (
			);
			inputPaths = (
			);
			name = "Run Script";
			outputFileListPaths = (
			);
			outputPaths = (
			);
			runOnlyForDeploymentPostprocessing = 0;
			shellPath = /bin/sh;
			shellScript = "# Type a script or drag a script file from your workspace to insert its path.\nexport PATH=\"$PATH:/opt/homebrew/bin\"\nif which swiftlint > /dev/null; then\n  swiftlint\nelse\n  echo \"warning: SwiftLint not installed, download from https://github.com/realm/SwiftLint\"\nfi\n";
		};
		FCEE10282934C962002E629D /* SwiftGen Script */ = {
			isa = PBXShellScriptBuildPhase;
			buildActionMask = 2147483647;
			files = (
			);
			inputFileListPaths = (
			);
			inputPaths = (
			);
			name = "SwiftGen Script";
			outputFileListPaths = (
			);
			outputPaths = (
			);
			runOnlyForDeploymentPostprocessing = 0;
			shellPath = /bin/sh;
			shellScript = "# Type a script or drag a script file from your workspace to insert its path.\nif which swiftgen >/dev/null; then\n  swiftgen\nelse\n  echo \"warning: SwiftGen not installed, download it from https://github.com/SwiftGen/SwiftGen\"\nfi\n";
		};
/* End PBXShellScriptBuildPhase section */

/* Begin PBXSourcesBuildPhase section */
		3244A1F4292DC13A00716A2B /* Sources */ = {
			isa = PBXSourcesBuildPhase;
			buildActionMask = 2147483647;
			files = (
				FCE00A67294C5ADF00B5C05F /* CoreDataStorage.swift in Sources */,
				FCF0181A295F08E50027078A /* UserLevelInfo.swift in Sources */,
				32ED747C29696C52007EA791 /* StoreInfoViewCell.swift in Sources */,
				32E9A55D292E4F37000072EE /* VotedTagCell.swift in Sources */,
				3240987229602B2300911306 /* ProductCategoriesCell.swift in Sources */,
				325985E3294C51A700D26A37 /* HomeSceneDIContainer.swift in Sources */,
				325985F3294C53A200D26A37 /* RequestRegionViewModelCoordinatorDelegate.swift in Sources */,
				32E9A555292E1947000072EE /* TagReview.swift in Sources */,
				3240987429602B2C00911306 /* ProductCategoryCollectionViewCell.swift in Sources */,
				FCE00A79294C919A00B5C05F /* FetchReviewUseCase.swift in Sources */,
				FCE00AA029517E6E00B5C05F /* NetworkService.swift in Sources */,
				32F2D9D529518F5900131EB1 /* ProductCell.swift in Sources */,
				FC60D8412962C36F00C676A6 /* RegisterReviewViewController.swift in Sources */,
				FC84FAC5293AB04800428AAA /* RegionRequestHeaderView.swift in Sources */,
				324CCBE229321616001F6FDA /* VotedCountLabelCell.swift in Sources */,
				FCE00A71294C916600B5C05F /* FetchStoreListUseCase.swift in Sources */,
				FCE00A9A2950E07900B5C05F /* User.swift in Sources */,
				324098762961367300911306 /* MockRepositories.swift in Sources */,
				FCE00A84294C95E900B5C05F /* ProductListRepository.swift in Sources */,
				324CCBE129321616001F6FDA /* MoveToWriteReviewCell.swift in Sources */,
				FCE00A6D294C5D5F00B5C05F /* CoreDataTagResponseStorage.swift in Sources */,
				FC60D8392962C36F00C676A6 /* ReviewPhotoDelegate.swift in Sources */,
				FCE00A88294C95FA00B5C05F /* StoreReviewRepository.swift in Sources */,
				325985E5294C51BA00D26A37 /* OnboardingDIContainer.swift in Sources */,
				FC47394929376E2200DB9BDB /* Store.swift in Sources */,
				FC60D83A2962C36F00C676A6 /* StoreInfoCell.swift in Sources */,
				FC4739442937664F00DB9BDB /* HomeViewController.swift in Sources */,
				FCE00A7D294C91AD00B5C05F /* RegisterReviewUseCase.swift in Sources */,
				3209974B2935153300956FBE /* DetailReviewCountCell.swift in Sources */,
				FCF0181D296095AD0027078A /* CTAButton.swift in Sources */,
				329557472951992C00F5AB53 /* StoreDetailViewController.swift in Sources */,
				325985F9294C54CB00D26A37 /* StoreDetailDIContainer.swift in Sources */,
				FCE00A73294C917200B5C05F /* SearchStoreListUseCase.swift in Sources */,
				FC60D83F2962C36F00C676A6 /* VoteTitleCell.swift in Sources */,
				325985DF294C50BD00D26A37 /* AppFlowCoordinator.swift in Sources */,
				325985E7294C525800D26A37 /* Coordinator.swift in Sources */,
				FC60D83D2962C36F00C676A6 /* ReviewPhotosCell.swift in Sources */,
				FCE00A82294C95E100B5C05F /* HomeRepository.swift in Sources */,
				FCE00AA6295187B500B5C05F /* Cancellable.swift in Sources */,
				FCE00A9C2950E1C700B5C05F /* Review.swift in Sources */,
				FCEE102F2934CCB8002E629D /* Fonts.swift in Sources */,
				FC3EBDF32932872100A9C1F9 /* Product.swift in Sources */,
				FCE00A7B294C91A200B5C05F /* RecommendStoreUseCase.swift in Sources */,
				32E9A561292E68CF000072EE /* DetailReview.swift in Sources */,
				325985E9294C527000D26A37 /* DIContainer.swift in Sources */,
				32C1969129552C48001D87B1 /* ProductListHeaderCell.swift in Sources */,
				324CCBE029321616001F6FDA /* DetailReviewCell.swift in Sources */,
				FCE00A94294C966700B5C05F /* StoreReviewRepositoryInterface.swift in Sources */,
				FC60D8372962C36F00C676A6 /* DefaultTagReviewViewModel.swift in Sources */,
				325985F1294C537D00D26A37 /* StoreReviewViewModelCoordinatorDelegate.swift in Sources */,
				325985ED294C52ED00D26A37 /* OnboardingViewModelCoordinatorDelegate.swift in Sources */,
				FCE00A75294C917B00B5C05F /* FetchProductListUseCase.swift in Sources */,
				32A1FC0A293507D1009DF915 /* FirstReviewRequestCell.swift in Sources */,
				32ED747A2969441D007EA791 /* OperationInfoCell.swift in Sources */,
				FCE00A982950E04300B5C05F /* Tag.swift in Sources */,
				325985F7294C544400D26A37 /* HomeSceneCoordinator.swift in Sources */,
				FC1FD6A12962C4AF00869F5F /* RegisterReviewPopUpViewController.swift in Sources */,
				325985EF294C535B00D26A37 /* HomeViewModelCoordinatorDelegate.swift in Sources */,
				324355532956D3F70043E53B /* StoreDetailSceneCoordinator.swift in Sources */,
				FCE00A7F294C91B600B5C05F /* UploadReviewImageUseCase.swift in Sources */,
				325985E1294C50D200D26A37 /* AppDIContainer.swift in Sources */,
				320BB2572951A03500D5E9CB /* StoreDetailHeaderView.swift in Sources */,
				3244A1FC292DC13A00716A2B /* AppDelegate.swift in Sources */,
				FCE00A77294C919100B5C05F /* RequestRegionUseCase.swift in Sources */,
				FCEE10312934D287002E629D /* Assets+Generated.swift in Sources */,
				FC4739412936AB3300DB9BDB /* StoreCollectionViewCell.swift in Sources */,
				3240987829613CC300911306 /* MockEntityData.swift in Sources */,
				FC60D83B2962C36F00C676A6 /* TagReviewCell.swift in Sources */,
				FC7D3529292F22B300335AAB /* StoreDetailInfoStackView.swift in Sources */,
				FC60D8382962C36F00C676A6 /* Section.swift in Sources */,
				3244A206292DC13A00716A2B /* RefillStation.xcdatamodeld in Sources */,
				3240987029602A7400911306 /* ProductCategory.swift in Sources */,
				FCE00A96294C966C00B5C05F /* RegisterReviewRepositoryInterface.swift in Sources */,
				FC84FAC9293B640300428AAA /* RequestRegionViewController.swift in Sources */,
				FC47394729376BA500DB9BDB /* HomeViewModel.swift in Sources */,
				325985EB294C529C00D26A37 /* OnboardingSceneCoordinatorDelegate.swift in Sources */,
				FCE00A8A294C960000B5C05F /* RegisterReviewRepository.swift in Sources */,
				FC84FACC293B944900428AAA /* RequestRegionViewModel.swift in Sources */,
				FCE00A6A294C5B3400B5C05F /* TagResponseStorage.swift in Sources */,
				FC60D83C2962C36F00C676A6 /* ReviewDescriptionCell.swift in Sources */,
				32409866295F51DB00911306 /* DetailReviewTagCollectionViewCell.swift in Sources */,
				329557462951992900F5AB53 /* StoreDetailViewModel.swift in Sources */,
				FCE00A90294C965900B5C05F /* ProductListRepositoryInterface.swift in Sources */,
				FCE00A8E294C965000B5C05F /* HomeRepositoryInterface.swift in Sources */,
				FCE00A86294C95F200B5C05F /* RequestRegionRepository.swift in Sources */,
				FCE00A92294C966000B5C05F /* RequestRegionRepositoryInterface.swift in Sources */,
			);
			runOnlyForDeploymentPostprocessing = 0;
		};
		3244A20D292DC13B00716A2B /* Sources */ = {
			isa = PBXSourcesBuildPhase;
			buildActionMask = 2147483647;
			files = (
				3244A216292DC13B00716A2B /* RefillStationTests.swift in Sources */,
			);
			runOnlyForDeploymentPostprocessing = 0;
		};
		3244A217292DC13B00716A2B /* Sources */ = {
			isa = PBXSourcesBuildPhase;
			buildActionMask = 2147483647;
			files = (
				3244A220292DC13B00716A2B /* RefillStationUITests.swift in Sources */,
				3244A222292DC13B00716A2B /* RefillStationUITestsLaunchTests.swift in Sources */,
			);
			runOnlyForDeploymentPostprocessing = 0;
		};
/* End PBXSourcesBuildPhase section */

/* Begin PBXTargetDependency section */
		3244A213292DC13B00716A2B /* PBXTargetDependency */ = {
			isa = PBXTargetDependency;
			target = 3244A1F7292DC13A00716A2B /* RefillStation */;
			targetProxy = 3244A212292DC13B00716A2B /* PBXContainerItemProxy */;
		};
		3244A21D292DC13B00716A2B /* PBXTargetDependency */ = {
			isa = PBXTargetDependency;
			target = 3244A1F7292DC13A00716A2B /* RefillStation */;
			targetProxy = 3244A21C292DC13B00716A2B /* PBXContainerItemProxy */;
		};
/* End PBXTargetDependency section */

/* Begin PBXVariantGroup section */
		3244A209292DC13A00716A2B /* LaunchScreen.storyboard */ = {
			isa = PBXVariantGroup;
			children = (
				3244A20A292DC13A00716A2B /* Base */,
			);
			name = LaunchScreen.storyboard;
			sourceTree = "<group>";
		};
/* End PBXVariantGroup section */

/* Begin XCBuildConfiguration section */
		3244A223292DC13B00716A2B /* Debug */ = {
			isa = XCBuildConfiguration;
			buildSettings = {
				ALWAYS_SEARCH_USER_PATHS = NO;
				CLANG_ANALYZER_NONNULL = YES;
				CLANG_ANALYZER_NUMBER_OBJECT_CONVERSION = YES_AGGRESSIVE;
				CLANG_CXX_LANGUAGE_STANDARD = "gnu++17";
				CLANG_ENABLE_MODULES = YES;
				CLANG_ENABLE_OBJC_ARC = YES;
				CLANG_ENABLE_OBJC_WEAK = YES;
				CLANG_WARN_BLOCK_CAPTURE_AUTORELEASING = YES;
				CLANG_WARN_BOOL_CONVERSION = YES;
				CLANG_WARN_COMMA = YES;
				CLANG_WARN_CONSTANT_CONVERSION = YES;
				CLANG_WARN_DEPRECATED_OBJC_IMPLEMENTATIONS = YES;
				CLANG_WARN_DIRECT_OBJC_ISA_USAGE = YES_ERROR;
				CLANG_WARN_DOCUMENTATION_COMMENTS = YES;
				CLANG_WARN_EMPTY_BODY = YES;
				CLANG_WARN_ENUM_CONVERSION = YES;
				CLANG_WARN_INFINITE_RECURSION = YES;
				CLANG_WARN_INT_CONVERSION = YES;
				CLANG_WARN_NON_LITERAL_NULL_CONVERSION = YES;
				CLANG_WARN_OBJC_IMPLICIT_RETAIN_SELF = YES;
				CLANG_WARN_OBJC_LITERAL_CONVERSION = YES;
				CLANG_WARN_OBJC_ROOT_CLASS = YES_ERROR;
				CLANG_WARN_QUOTED_INCLUDE_IN_FRAMEWORK_HEADER = YES;
				CLANG_WARN_RANGE_LOOP_ANALYSIS = YES;
				CLANG_WARN_STRICT_PROTOTYPES = YES;
				CLANG_WARN_SUSPICIOUS_MOVE = YES;
				CLANG_WARN_UNGUARDED_AVAILABILITY = YES_AGGRESSIVE;
				CLANG_WARN_UNREACHABLE_CODE = YES;
				CLANG_WARN__DUPLICATE_METHOD_MATCH = YES;
				COPY_PHASE_STRIP = NO;
				DEBUG_INFORMATION_FORMAT = dwarf;
				ENABLE_STRICT_OBJC_MSGSEND = YES;
				ENABLE_TESTABILITY = YES;
				GCC_C_LANGUAGE_STANDARD = gnu11;
				GCC_DYNAMIC_NO_PIC = NO;
				GCC_NO_COMMON_BLOCKS = YES;
				GCC_OPTIMIZATION_LEVEL = 0;
				GCC_PREPROCESSOR_DEFINITIONS = (
					"DEBUG=1",
					"$(inherited)",
				);
				GCC_WARN_64_TO_32_BIT_CONVERSION = YES;
				GCC_WARN_ABOUT_RETURN_TYPE = YES_ERROR;
				GCC_WARN_UNDECLARED_SELECTOR = YES;
				GCC_WARN_UNINITIALIZED_AUTOS = YES_AGGRESSIVE;
				GCC_WARN_UNUSED_FUNCTION = YES;
				GCC_WARN_UNUSED_VARIABLE = YES;
				IPHONEOS_DEPLOYMENT_TARGET = 14.0;
				MTL_ENABLE_DEBUG_INFO = INCLUDE_SOURCE;
				MTL_FAST_MATH = YES;
				ONLY_ACTIVE_ARCH = YES;
				SDKROOT = iphoneos;
				SWIFT_ACTIVE_COMPILATION_CONDITIONS = DEBUG;
				SWIFT_OPTIMIZATION_LEVEL = "-Onone";
			};
			name = Debug;
		};
		3244A224292DC13B00716A2B /* Release */ = {
			isa = XCBuildConfiguration;
			buildSettings = {
				ALWAYS_SEARCH_USER_PATHS = NO;
				CLANG_ANALYZER_NONNULL = YES;
				CLANG_ANALYZER_NUMBER_OBJECT_CONVERSION = YES_AGGRESSIVE;
				CLANG_CXX_LANGUAGE_STANDARD = "gnu++17";
				CLANG_ENABLE_MODULES = YES;
				CLANG_ENABLE_OBJC_ARC = YES;
				CLANG_ENABLE_OBJC_WEAK = YES;
				CLANG_WARN_BLOCK_CAPTURE_AUTORELEASING = YES;
				CLANG_WARN_BOOL_CONVERSION = YES;
				CLANG_WARN_COMMA = YES;
				CLANG_WARN_CONSTANT_CONVERSION = YES;
				CLANG_WARN_DEPRECATED_OBJC_IMPLEMENTATIONS = YES;
				CLANG_WARN_DIRECT_OBJC_ISA_USAGE = YES_ERROR;
				CLANG_WARN_DOCUMENTATION_COMMENTS = YES;
				CLANG_WARN_EMPTY_BODY = YES;
				CLANG_WARN_ENUM_CONVERSION = YES;
				CLANG_WARN_INFINITE_RECURSION = YES;
				CLANG_WARN_INT_CONVERSION = YES;
				CLANG_WARN_NON_LITERAL_NULL_CONVERSION = YES;
				CLANG_WARN_OBJC_IMPLICIT_RETAIN_SELF = YES;
				CLANG_WARN_OBJC_LITERAL_CONVERSION = YES;
				CLANG_WARN_OBJC_ROOT_CLASS = YES_ERROR;
				CLANG_WARN_QUOTED_INCLUDE_IN_FRAMEWORK_HEADER = YES;
				CLANG_WARN_RANGE_LOOP_ANALYSIS = YES;
				CLANG_WARN_STRICT_PROTOTYPES = YES;
				CLANG_WARN_SUSPICIOUS_MOVE = YES;
				CLANG_WARN_UNGUARDED_AVAILABILITY = YES_AGGRESSIVE;
				CLANG_WARN_UNREACHABLE_CODE = YES;
				CLANG_WARN__DUPLICATE_METHOD_MATCH = YES;
				COPY_PHASE_STRIP = NO;
				DEBUG_INFORMATION_FORMAT = "dwarf-with-dsym";
				ENABLE_NS_ASSERTIONS = NO;
				ENABLE_STRICT_OBJC_MSGSEND = YES;
				GCC_C_LANGUAGE_STANDARD = gnu11;
				GCC_NO_COMMON_BLOCKS = YES;
				GCC_WARN_64_TO_32_BIT_CONVERSION = YES;
				GCC_WARN_ABOUT_RETURN_TYPE = YES_ERROR;
				GCC_WARN_UNDECLARED_SELECTOR = YES;
				GCC_WARN_UNINITIALIZED_AUTOS = YES_AGGRESSIVE;
				GCC_WARN_UNUSED_FUNCTION = YES;
				GCC_WARN_UNUSED_VARIABLE = YES;
				IPHONEOS_DEPLOYMENT_TARGET = 14.0;
				MTL_ENABLE_DEBUG_INFO = NO;
				MTL_FAST_MATH = YES;
				SDKROOT = iphoneos;
				SWIFT_COMPILATION_MODE = wholemodule;
				SWIFT_OPTIMIZATION_LEVEL = "-O";
				VALIDATE_PRODUCT = YES;
			};
			name = Release;
		};
		3244A226292DC13B00716A2B /* Debug */ = {
			isa = XCBuildConfiguration;
			buildSettings = {
				ASSETCATALOG_COMPILER_APPICON_NAME = AppIcon;
				ASSETCATALOG_COMPILER_GLOBAL_ACCENT_COLOR_NAME = AccentColor;
				CODE_SIGN_STYLE = Automatic;
				CURRENT_PROJECT_VERSION = 1;
				DEVELOPMENT_TEAM = 267JUTDVY2;
				GENERATE_INFOPLIST_FILE = YES;
				INFOPLIST_FILE = RefillStation/Info.plist;
				INFOPLIST_KEY_UIApplicationSupportsIndirectInputEvents = YES;
				INFOPLIST_KEY_UILaunchStoryboardName = LaunchScreen;
				INFOPLIST_KEY_UISupportedInterfaceOrientations_iPad = "UIInterfaceOrientationPortrait UIInterfaceOrientationPortraitUpsideDown UIInterfaceOrientationLandscapeLeft UIInterfaceOrientationLandscapeRight";
				INFOPLIST_KEY_UISupportedInterfaceOrientations_iPhone = "UIInterfaceOrientationPortrait UIInterfaceOrientationLandscapeLeft UIInterfaceOrientationLandscapeRight";
				LD_RUNPATH_SEARCH_PATHS = (
					"$(inherited)",
					"@executable_path/Frameworks",
				);
				MARKETING_VERSION = 1.0;
				PRODUCT_BUNDLE_IDENTIFIER = com.Neph.RefillStation;
				PRODUCT_NAME = "$(TARGET_NAME)";
				SWIFT_EMIT_LOC_STRINGS = YES;
				SWIFT_VERSION = 5.0;
				TARGETED_DEVICE_FAMILY = "1,2";
			};
			name = Debug;
		};
		3244A227292DC13B00716A2B /* Release */ = {
			isa = XCBuildConfiguration;
			buildSettings = {
				ASSETCATALOG_COMPILER_APPICON_NAME = AppIcon;
				ASSETCATALOG_COMPILER_GLOBAL_ACCENT_COLOR_NAME = AccentColor;
				CODE_SIGN_STYLE = Automatic;
				CURRENT_PROJECT_VERSION = 1;
				DEVELOPMENT_TEAM = 267JUTDVY2;
				GENERATE_INFOPLIST_FILE = YES;
				INFOPLIST_FILE = RefillStation/Info.plist;
				INFOPLIST_KEY_UIApplicationSupportsIndirectInputEvents = YES;
				INFOPLIST_KEY_UILaunchStoryboardName = LaunchScreen;
				INFOPLIST_KEY_UISupportedInterfaceOrientations_iPad = "UIInterfaceOrientationPortrait UIInterfaceOrientationPortraitUpsideDown UIInterfaceOrientationLandscapeLeft UIInterfaceOrientationLandscapeRight";
				INFOPLIST_KEY_UISupportedInterfaceOrientations_iPhone = "UIInterfaceOrientationPortrait UIInterfaceOrientationLandscapeLeft UIInterfaceOrientationLandscapeRight";
				LD_RUNPATH_SEARCH_PATHS = (
					"$(inherited)",
					"@executable_path/Frameworks",
				);
				MARKETING_VERSION = 1.0;
				PRODUCT_BUNDLE_IDENTIFIER = com.Neph.RefillStation;
				PRODUCT_NAME = "$(TARGET_NAME)";
				SWIFT_EMIT_LOC_STRINGS = YES;
				SWIFT_VERSION = 5.0;
				TARGETED_DEVICE_FAMILY = "1,2";
			};
			name = Release;
		};
		3244A229292DC13B00716A2B /* Debug */ = {
			isa = XCBuildConfiguration;
			buildSettings = {
				ALWAYS_EMBED_SWIFT_STANDARD_LIBRARIES = YES;
				BUNDLE_LOADER = "$(TEST_HOST)";
				CODE_SIGN_STYLE = Automatic;
				CURRENT_PROJECT_VERSION = 1;
				DEVELOPMENT_TEAM = 267JUTDVY2;
				GENERATE_INFOPLIST_FILE = YES;
				IPHONEOS_DEPLOYMENT_TARGET = 15.5;
				MARKETING_VERSION = 1.0;
				PRODUCT_BUNDLE_IDENTIFIER = com.Neph.RefillStationTests;
				PRODUCT_NAME = "$(TARGET_NAME)";
				SWIFT_EMIT_LOC_STRINGS = NO;
				SWIFT_VERSION = 5.0;
				TARGETED_DEVICE_FAMILY = "1,2";
				TEST_HOST = "$(BUILT_PRODUCTS_DIR)/RefillStation.app/RefillStation";
			};
			name = Debug;
		};
		3244A22A292DC13B00716A2B /* Release */ = {
			isa = XCBuildConfiguration;
			buildSettings = {
				ALWAYS_EMBED_SWIFT_STANDARD_LIBRARIES = YES;
				BUNDLE_LOADER = "$(TEST_HOST)";
				CODE_SIGN_STYLE = Automatic;
				CURRENT_PROJECT_VERSION = 1;
				DEVELOPMENT_TEAM = 267JUTDVY2;
				GENERATE_INFOPLIST_FILE = YES;
				IPHONEOS_DEPLOYMENT_TARGET = 15.5;
				MARKETING_VERSION = 1.0;
				PRODUCT_BUNDLE_IDENTIFIER = com.Neph.RefillStationTests;
				PRODUCT_NAME = "$(TARGET_NAME)";
				SWIFT_EMIT_LOC_STRINGS = NO;
				SWIFT_VERSION = 5.0;
				TARGETED_DEVICE_FAMILY = "1,2";
				TEST_HOST = "$(BUILT_PRODUCTS_DIR)/RefillStation.app/RefillStation";
			};
			name = Release;
		};
		3244A22C292DC13B00716A2B /* Debug */ = {
			isa = XCBuildConfiguration;
			buildSettings = {
				ALWAYS_EMBED_SWIFT_STANDARD_LIBRARIES = YES;
				CODE_SIGN_STYLE = Automatic;
				CURRENT_PROJECT_VERSION = 1;
				DEVELOPMENT_TEAM = 267JUTDVY2;
				GENERATE_INFOPLIST_FILE = YES;
				MARKETING_VERSION = 1.0;
				PRODUCT_BUNDLE_IDENTIFIER = com.Neph.RefillStationUITests;
				PRODUCT_NAME = "$(TARGET_NAME)";
				SWIFT_EMIT_LOC_STRINGS = NO;
				SWIFT_VERSION = 5.0;
				TARGETED_DEVICE_FAMILY = "1,2";
				TEST_TARGET_NAME = RefillStation;
			};
			name = Debug;
		};
		3244A22D292DC13B00716A2B /* Release */ = {
			isa = XCBuildConfiguration;
			buildSettings = {
				ALWAYS_EMBED_SWIFT_STANDARD_LIBRARIES = YES;
				CODE_SIGN_STYLE = Automatic;
				CURRENT_PROJECT_VERSION = 1;
				DEVELOPMENT_TEAM = 267JUTDVY2;
				GENERATE_INFOPLIST_FILE = YES;
				MARKETING_VERSION = 1.0;
				PRODUCT_BUNDLE_IDENTIFIER = com.Neph.RefillStationUITests;
				PRODUCT_NAME = "$(TARGET_NAME)";
				SWIFT_EMIT_LOC_STRINGS = NO;
				SWIFT_VERSION = 5.0;
				TARGETED_DEVICE_FAMILY = "1,2";
				TEST_TARGET_NAME = RefillStation;
			};
			name = Release;
		};
/* End XCBuildConfiguration section */

/* Begin XCConfigurationList section */
		3244A1F3292DC13A00716A2B /* Build configuration list for PBXProject "RefillStation" */ = {
			isa = XCConfigurationList;
			buildConfigurations = (
				3244A223292DC13B00716A2B /* Debug */,
				3244A224292DC13B00716A2B /* Release */,
			);
			defaultConfigurationIsVisible = 0;
			defaultConfigurationName = Release;
		};
		3244A225292DC13B00716A2B /* Build configuration list for PBXNativeTarget "RefillStation" */ = {
			isa = XCConfigurationList;
			buildConfigurations = (
				3244A226292DC13B00716A2B /* Debug */,
				3244A227292DC13B00716A2B /* Release */,
			);
			defaultConfigurationIsVisible = 0;
			defaultConfigurationName = Release;
		};
		3244A228292DC13B00716A2B /* Build configuration list for PBXNativeTarget "RefillStationTests" */ = {
			isa = XCConfigurationList;
			buildConfigurations = (
				3244A229292DC13B00716A2B /* Debug */,
				3244A22A292DC13B00716A2B /* Release */,
			);
			defaultConfigurationIsVisible = 0;
			defaultConfigurationName = Release;
		};
		3244A22B292DC13B00716A2B /* Build configuration list for PBXNativeTarget "RefillStationUITests" */ = {
			isa = XCConfigurationList;
			buildConfigurations = (
				3244A22C292DC13B00716A2B /* Debug */,
				3244A22D292DC13B00716A2B /* Release */,
			);
			defaultConfigurationIsVisible = 0;
			defaultConfigurationName = Release;
		};
/* End XCConfigurationList section */

/* Begin XCRemoteSwiftPackageReference section */
		3244A236292DCB1F00716A2B /* XCRemoteSwiftPackageReference "SnapKit" */ = {
			isa = XCRemoteSwiftPackageReference;
			repositoryURL = "https://github.com/SnapKit/SnapKit";
			requirement = {
				kind = upToNextMajorVersion;
				minimumVersion = 5.0.0;
			};
		};
		3244A239292DCB6A00716A2B /* XCRemoteSwiftPackageReference "RxSwift" */ = {
			isa = XCRemoteSwiftPackageReference;
			repositoryURL = "https://github.com/ReactiveX/RxSwift.git";
			requirement = {
				kind = upToNextMajorVersion;
				minimumVersion = 6.0.0;
			};
		};
		FCB6667B29346285004F38B0 /* XCRemoteSwiftPackageReference "Tabman" */ = {
			isa = XCRemoteSwiftPackageReference;
			repositoryURL = "https://github.com/uias/Tabman";
			requirement = {
				branch = main;
				kind = branch;
			};
		};
		FCE00AA129517EE900B5C05F /* XCRemoteSwiftPackageReference "Alamofire" */ = {
			isa = XCRemoteSwiftPackageReference;
			repositoryURL = "https://github.com/Alamofire/Alamofire.git";
			requirement = {
				kind = upToNextMajorVersion;
				minimumVersion = 5.0.0;
			};
		};
/* End XCRemoteSwiftPackageReference section */

/* Begin XCSwiftPackageProductDependency section */
		3244A237292DCB1F00716A2B /* SnapKit */ = {
			isa = XCSwiftPackageProductDependency;
			package = 3244A236292DCB1F00716A2B /* XCRemoteSwiftPackageReference "SnapKit" */;
			productName = SnapKit;
		};
		3244A23A292DCB6A00716A2B /* RxCocoa */ = {
			isa = XCSwiftPackageProductDependency;
			package = 3244A239292DCB6A00716A2B /* XCRemoteSwiftPackageReference "RxSwift" */;
			productName = RxCocoa;
		};
		3244A23C292DCB6A00716A2B /* RxRelay */ = {
			isa = XCSwiftPackageProductDependency;
			package = 3244A239292DCB6A00716A2B /* XCRemoteSwiftPackageReference "RxSwift" */;
			productName = RxRelay;
		};
		3244A23E292DCB6A00716A2B /* RxSwift */ = {
			isa = XCSwiftPackageProductDependency;
			package = 3244A239292DCB6A00716A2B /* XCRemoteSwiftPackageReference "RxSwift" */;
			productName = RxSwift;
		};
		FCB6667C29346285004F38B0 /* Tabman */ = {
			isa = XCSwiftPackageProductDependency;
			package = FCB6667B29346285004F38B0 /* XCRemoteSwiftPackageReference "Tabman" */;
			productName = Tabman;
		};
		FCE00AA229517EE900B5C05F /* Alamofire */ = {
			isa = XCSwiftPackageProductDependency;
			package = FCE00AA129517EE900B5C05F /* XCRemoteSwiftPackageReference "Alamofire" */;
			productName = Alamofire;
		};
/* End XCSwiftPackageProductDependency section */

/* Begin XCVersionGroup section */
		3244A204292DC13A00716A2B /* RefillStation.xcdatamodeld */ = {
			isa = XCVersionGroup;
			children = (
				3244A205292DC13A00716A2B /* RefillStation.xcdatamodel */,
			);
			currentVersion = 3244A205292DC13A00716A2B /* RefillStation.xcdatamodel */;
			path = RefillStation.xcdatamodeld;
			sourceTree = "<group>";
			versionGroupType = wrapper.xcdatamodel;
		};
/* End XCVersionGroup section */
	};
	rootObject = 3244A1F0292DC13A00716A2B /* Project object */;
}
